
Microsoft Visual Studio Solution File, Format Version 12.00
# Visual Studio Version 17
Project("{2150E333-8FDC-42A3-9474-1A3956D46DE8}") = "CMakePredefinedTargets", "CMakePredefinedTargets", "{EE06C5C3-2129-3E0D-A1BB-877805D9AD6E}"
EndProject
Project("{2150E333-8FDC-42A3-9474-1A3956D46DE8}") = "Examples", "Examples", "{43CF5D50-A57D-34DE-8066-48354F437029}"
EndProject
Project("{2150E333-8FDC-42A3-9474-1A3956D46DE8}") = "library_loading", "Examples\library_loading", "{3BD08653-723E-3D1E-BE26-27EAEEB6DFE3}"
EndProject
Project("{8BC9CEB8-8B4A-11D0-8D11-00A0C91BC942}") = "ALL_BUILD", "ALL_BUILD.vcxproj", "{36EE015F-7925-3F2B-8BFC-553D81F94257}"
	ProjectSection(ProjectDependencies) = postProject
		{8ABEBF2B-F4F9-3BDF-B4B6-DD0AA628C57C} = {8ABEBF2B-F4F9-3BDF-B4B6-DD0AA628C57C}
		{490A3BC5-EAF4-3170-9019-19074C1D6351} = {490A3BC5-EAF4-3170-9019-19074C1D6351}
	EndProjectSection
EndProject
Project("{8BC9CEB8-8B4A-11D0-8D11-00A0C91BC942}") = "INSTALL", "INSTALL.vcxproj", "{061F8403-A2A3-34E6-9248-8C56B55F3A4D}"
	ProjectSection(ProjectDependencies) = postProject
		{36EE015F-7925-3F2B-8BFC-553D81F94257} = {36EE015F-7925-3F2B-8BFC-553D81F94257}
		{8ABEBF2B-F4F9-3BDF-B4B6-DD0AA628C57C} = {8ABEBF2B-F4F9-3BDF-B4B6-DD0AA628C57C}
	EndProjectSection
EndProject
Project("{8BC9CEB8-8B4A-11D0-8D11-00A0C91BC942}") = "PACKAGE", "PACKAGE.vcxproj", "{2896B42E-654E-30D9-BEDE-78B71373A21B}"
	ProjectSection(ProjectDependencies) = postProject
		{36EE015F-7925-3F2B-8BFC-553D81F94257} = {36EE015F-7925-3F2B-8BFC-553D81F94257}
		{8ABEBF2B-F4F9-3BDF-B4B6-DD0AA628C57C} = {8ABEBF2B-F4F9-3BDF-B4B6-DD0AA628C57C}
	EndProjectSection
EndProject
Project("{8BC9CEB8-8B4A-11D0-8D11-00A0C91BC942}") = "ZERO_CHECK", "..\..\..\..\\ZERO_CHECK.vcxproj", "{8ABEBF2B-F4F9-3BDF-B4B6-DD0AA628C57C}"
	ProjectSection(ProjectDependencies) = postProject
	EndProjectSection
EndProject
Project("{8BC9CEB8-8B4A-11D0-8D11-00A0C91BC942}") = "plugin_example", "plugin_example.vcxproj", "{490A3BC5-EAF4-3170-9019-19074C1D6351}"
	ProjectSection(ProjectDependencies) = postProject
		{8ABEBF2B-F4F9-3BDF-B4B6-DD0AA628C57C} = {8ABEBF2B-F4F9-3BDF-B4B6-DD0AA628C57C}
		{814A7064-9FDD-31C0-A24A-683BC2186BE7} = {814A7064-9FDD-31C0-A24A-683BC2186BE7}
	EndProjectSection
EndProject
Project("{8BC9CEB8-8B4A-11D0-8D11-00A0C91BC942}") = "rttr_core", "..\..\..\rttr\rttr_core.vcxproj", "{814A7064-9FDD-31C0-A24A-683BC2186BE7}"
	ProjectSection(ProjectDependencies) = postProject
		{8ABEBF2B-F4F9-3BDF-B4B6-DD0AA628C57C} = {8ABEBF2B-F4F9-3BDF-B4B6-DD0AA628C57C}
	EndProjectSection
EndProject
Global
	GlobalSection(SolutionConfigurationPlatforms) = preSolution
		Debug|x64 = Debug|x64
		Release|x64 = Release|x64
		MinSizeRel|x64 = MinSizeRel|x64
		RelWithDebInfo|x64 = RelWithDebInfo|x64
	EndGlobalSection
	GlobalSection(ProjectConfigurationPlatforms) = postSolution
		{36EE015F-7925-3F2B-8BFC-553D81F94257}.Debug|x64.ActiveCfg = Debug|x64
		{36EE015F-7925-3F2B-8BFC-553D81F94257}.Debug|x64.Build.0 = Debug|x64
		{36EE015F-7925-3F2B-8BFC-553D81F94257}.Release|x64.ActiveCfg = Release|x64
		{36EE015F-7925-3F2B-8BFC-553D81F94257}.Release|x64.Build.0 = Release|x64
		{36EE015F-7925-3F2B-8BFC-553D81F94257}.MinSizeRel|x64.ActiveCfg = MinSizeRel|x64
		{36EE015F-7925-3F2B-8BFC-553D81F94257}.MinSizeRel|x64.Build.0 = MinSizeRel|x64
		{36EE015F-7925-3F2B-8BFC-553D81F94257}.RelWithDebInfo|x64.ActiveCfg = RelWithDebInfo|x64
		{36EE015F-7925-3F2B-8BFC-553D81F94257}.RelWithDebInfo|x64.Build.0 = RelWithDebInfo|x64
		{061F8403-A2A3-34E6-9248-8C56B55F3A4D}.Debug|x64.ActiveCfg = Debug|x64
		{061F8403-A2A3-34E6-9248-8C56B55F3A4D}.Release|x64.ActiveCfg = Release|x64
		{061F8403-A2A3-34E6-9248-8C56B55F3A4D}.MinSizeRel|x64.ActiveCfg = MinSizeRel|x64
		{061F8403-A2A3-34E6-9248-8C56B55F3A4D}.RelWithDebInfo|x64.ActiveCfg = RelWithDebInfo|x64
		{2896B42E-654E-30D9-BEDE-78B71373A21B}.Debug|x64.ActiveCfg = Debug|x64
		{2896B42E-654E-30D9-BEDE-78B71373A21B}.Release|x64.ActiveCfg = Release|x64
		{2896B42E-654E-30D9-BEDE-78B71373A21B}.MinSizeRel|x64.ActiveCfg = MinSizeRel|x64
		{2896B42E-654E-30D9-BEDE-78B71373A21B}.RelWithDebInfo|x64.ActiveCfg = RelWithDebInfo|x64
		{8ABEBF2B-F4F9-3BDF-B4B6-DD0AA628C57C}.Debug|x64.ActiveCfg = Debug|x64
		{8ABEBF2B-F4F9-3BDF-B4B6-DD0AA628C57C}.Debug|x64.Build.0 = Debug|x64
		{8ABEBF2B-F4F9-3BDF-B4B6-DD0AA628C57C}.Release|x64.ActiveCfg = Release|x64
		{8ABEBF2B-F4F9-3BDF-B4B6-DD0AA628C57C}.Release|x64.Build.0 = Release|x64
		{8ABEBF2B-F4F9-3BDF-B4B6-DD0AA628C57C}.MinSizeRel|x64.ActiveCfg = MinSizeRel|x64
		{8ABEBF2B-F4F9-3BDF-B4B6-DD0AA628C57C}.MinSizeRel|x64.Build.0 = MinSizeRel|x64
		{8ABEBF2B-F4F9-3BDF-B4B6-DD0AA628C57C}.RelWithDebInfo|x64.ActiveCfg = RelWithDebInfo|x64
		{8ABEBF2B-F4F9-3BDF-B4B6-DD0AA628C57C}.RelWithDebInfo|x64.Build.0 = RelWithDebInfo|x64
		{490A3BC5-EAF4-3170-9019-19074C1D6351}.Debug|x64.ActiveCfg = Debug|x64
		{490A3BC5-EAF4-3170-9019-19074C1D6351}.Debug|x64.Build.0 = Debug|x64
		{490A3BC5-EAF4-3170-9019-19074C1D6351}.Release|x64.ActiveCfg = Release|x64
		{490A3BC5-EAF4-3170-9019-19074C1D6351}.Release|x64.Build.0 = Release|x64
		{490A3BC5-EAF4-3170-9019-19074C1D6351}.MinSizeRel|x64.ActiveCfg = MinSizeRel|x64
		{490A3BC5-EAF4-3170-9019-19074C1D6351}.MinSizeRel|x64.Build.0 = MinSizeRel|x64
		{490A3BC5-EAF4-3170-9019-19074C1D6351}.RelWithDebInfo|x64.ActiveCfg = RelWithDebInfo|x64
		{490A3BC5-EAF4-3170-9019-19074C1D6351}.RelWithDebInfo|x64.Build.0 = RelWithDebInfo|x64
		{814A7064-9FDD-31C0-A24A-683BC2186BE7}.Debug|x64.ActiveCfg = Debug|x64
		{814A7064-9FDD-31C0-A24A-683BC2186BE7}.Debug|x64.Build.0 = Debug|x64
		{814A7064-9FDD-31C0-A24A-683BC2186BE7}.Release|x64.ActiveCfg = Release|x64
		{814A7064-9FDD-31C0-A24A-683BC2186BE7}.Release|x64.Build.0 = Release|x64
		{814A7064-9FDD-31C0-A24A-683BC2186BE7}.MinSizeRel|x64.ActiveCfg = MinSizeRel|x64
		{814A7064-9FDD-31C0-A24A-683BC2186BE7}.MinSizeRel|x64.Build.0 = MinSizeRel|x64
		{814A7064-9FDD-31C0-A24A-683BC2186BE7}.RelWithDebInfo|x64.ActiveCfg = RelWithDebInfo|x64
		{814A7064-9FDD-31C0-A24A-683BC2186BE7}.RelWithDebInfo|x64.Build.0 = RelWithDebInfo|x64
	EndGlobalSection
	GlobalSection(NestedProjects) = preSolution
		{36EE015F-7925-3F2B-8BFC-553D81F94257} = {EE06C5C3-2129-3E0D-A1BB-877805D9AD6E}
		{061F8403-A2A3-34E6-9248-8C56B55F3A4D} = {EE06C5C3-2129-3E0D-A1BB-877805D9AD6E}
		{2896B42E-654E-30D9-BEDE-78B71373A21B} = {EE06C5C3-2129-3E0D-A1BB-877805D9AD6E}
		{8ABEBF2B-F4F9-3BDF-B4B6-DD0AA628C57C} = {EE06C5C3-2129-3E0D-A1BB-877805D9AD6E}
		{3BD08653-723E-3D1E-BE26-27EAEEB6DFE3} = {43CF5D50-A57D-34DE-8066-48354F437029}
		{490A3BC5-EAF4-3170-9019-19074C1D6351} = {3BD08653-723E-3D1E-BE26-27EAEEB6DFE3}
	EndGlobalSection
	GlobalSection(ExtensibilityGlobals) = postSolution
		SolutionGuid = {A33F5810-FD6B-397E-854D-B2A149F43471}
	EndGlobalSection
	GlobalSection(ExtensibilityAddIns) = postSolution
	EndGlobalSection
EndGlobal
