<?xml version="1.0" encoding="utf-8"?>
<Project ToolsVersion="4.0" xmlns="http://schemas.microsoft.com/developer/msbuild/2003">
  <ItemGroup>
    <Filter Include="소스 파일">
      <UniqueIdentifier>{4FC737F1-C7A5-4376-A066-2A32D752A2FF}</UniqueIdentifier>
      <Extensions>cpp;c;cc;cxx;c++;cppm;ixx;def;odl;idl;hpj;bat;asm;asmx</Extensions>
    </Filter>
    <Filter Include="헤더 파일">
      <UniqueIdentifier>{93995380-89BD-4b04-88EB-625FBE52EBFB}</UniqueIdentifier>
      <Extensions>h;hh;hpp;hxx;h++;hm;inl;inc;ipp;xsd</Extensions>
    </Filter>
    <Filter Include="리소스 파일">
      <UniqueIdentifier>{67DA6AB6-F800-4c08-8B7A-83BB121AAD01}</UniqueIdentifier>
      <Extensions>rc;ico;cur;bmp;dlg;rc2;rct;bin;rgs;gif;jpg;jpeg;jpe;resx;tiff;tif;png;wav;mfcribbon-ms</Extensions>
    </Filter>
  </ItemGroup>
  <ItemGroup>
    <ClInclude Include="framework.h">
      <Filter>헤더 파일</Filter>
    </ClInclude>
    <ClInclude Include="include\DUOLJson\JsonReader.h">
      <Filter>헤더 파일</Filter>
    </ClInclude>
    <ClInclude Include="include\DUOLJson\Export.h">
      <Filter>헤더 파일</Filter>
    </ClInclude>
    <ClInclude Include="include\DUOLJson\allocators.h">
      <Filter>헤더 파일</Filter>
    </ClInclude>
    <ClInclude Include="include\DUOLJson\cursorstreamwrapper.h">
      <Filter>헤더 파일</Filter>
    </ClInclude>
    <ClInclude Include="include\DUOLJson\encodedstream.h">
      <Filter>헤더 파일</Filter>
    </ClInclude>
    <ClInclude Include="include\DUOLJson\encodings.h">
      <Filter>헤더 파일</Filter>
    </ClInclude>
    <ClInclude Include="include\DUOLJson\filereadstream.h">
      <Filter>헤더 파일</Filter>
    </ClInclude>
    <ClInclude Include="include\DUOLJson\filewritestream.h">
      <Filter>헤더 파일</Filter>
    </ClInclude>
    <ClInclude Include="include\DUOLJson\fwd.h">
      <Filter>헤더 파일</Filter>
    </ClInclude>
    <ClInclude Include="include\DUOLJson\istreamwrapper.h">
      <Filter>헤더 파일</Filter>
    </ClInclude>
    <ClInclude Include="include\DUOLJson\memorybuffer.h">
      <Filter>헤더 파일</Filter>
    </ClInclude>
    <ClInclude Include="include\DUOLJson\memorystream.h">
      <Filter>헤더 파일</Filter>
    </ClInclude>
    <ClInclude Include="include\DUOLJson\ostreamwrapper.h">
      <Filter>헤더 파일</Filter>
    </ClInclude>
    <ClInclude Include="include\DUOLJson\pointer.h">
      <Filter>헤더 파일</Filter>
    </ClInclude>
    <ClInclude Include="include\DUOLJson\prettywriter.h">
      <Filter>헤더 파일</Filter>
    </ClInclude>
    <ClInclude Include="include\DUOLJson\rapidjson.h">
      <Filter>헤더 파일</Filter>
    </ClInclude>
    <ClInclude Include="include\DUOLJson\reader.h">
      <Filter>헤더 파일</Filter>
    </ClInclude>
    <ClInclude Include="include\DUOLJson\schema.h">
      <Filter>헤더 파일</Filter>
    </ClInclude>
    <ClInclude Include="include\DUOLJson\stream.h">
      <Filter>헤더 파일</Filter>
    </ClInclude>
    <ClInclude Include="include\DUOLJson\stringbuffer.h">
      <Filter>헤더 파일</Filter>
    </ClInclude>
    <ClInclude Include="include\DUOLJson\uri.h">
      <Filter>헤더 파일</Filter>
    </ClInclude>
    <ClInclude Include="include\DUOLJson\writer.h">
      <Filter>헤더 파일</Filter>
    </ClInclude>
    <ClInclude Include="include\DUOLJson\error\en.h">
      <Filter>헤더 파일</Filter>
    </ClInclude>
    <ClInclude Include="include\DUOLJson\error\error.h">
      <Filter>헤더 파일</Filter>
    </ClInclude>
    <ClInclude Include="include\DUOLJson\internal\biginteger.h">
      <Filter>헤더 파일</Filter>
    </ClInclude>
    <ClInclude Include="include\DUOLJson\internal\clzll.h">
      <Filter>헤더 파일</Filter>
    </ClInclude>
    <ClInclude Include="include\DUOLJson\internal\diyfp.h">
      <Filter>헤더 파일</Filter>
    </ClInclude>
    <ClInclude Include="include\DUOLJson\internal\dtoa.h">
      <Filter>헤더 파일</Filter>
    </ClInclude>
    <ClInclude Include="include\DUOLJson\internal\ieee754.h">
      <Filter>헤더 파일</Filter>
    </ClInclude>
    <ClInclude Include="include\DUOLJson\internal\itoa.h">
      <Filter>헤더 파일</Filter>
    </ClInclude>
    <ClInclude Include="include\DUOLJson\internal\meta.h">
      <Filter>헤더 파일</Filter>
    </ClInclude>
    <ClInclude Include="include\DUOLJson\internal\pow10.h">
      <Filter>헤더 파일</Filter>
    </ClInclude>
    <ClInclude Include="include\DUOLJson\internal\regex.h">
      <Filter>헤더 파일</Filter>
    </ClInclude>
    <ClInclude Include="include\DUOLJson\internal\stack.h">
      <Filter>헤더 파일</Filter>
    </ClInclude>
    <ClInclude Include="include\DUOLJson\internal\strfunc.h">
      <Filter>헤더 파일</Filter>
    </ClInclude>
    <ClInclude Include="include\DUOLJson\internal\strtod.h">
      <Filter>헤더 파일</Filter>
    </ClInclude>
    <ClInclude Include="include\DUOLJson\internal\swap.h">
      <Filter>헤더 파일</Filter>
    </ClInclude>
    <ClInclude Include="include\DUOLJson\msinttypes\inttypes.h">
      <Filter>헤더 파일</Filter>
    </ClInclude>
    <ClInclude Include="include\DUOLJson\msinttypes\stdint.h">
      <Filter>헤더 파일</Filter>
    </ClInclude>
    <ClInclude Include="src\DUOLJson\JsonAssert.h">
      <Filter>헤더 파일</Filter>
    </ClInclude>
    <ClInclude Include="include\DUOLJson\document.h">
      <Filter>헤더 파일</Filter>
    </ClInclude>
  </ItemGroup>
  <ItemGroup>
    <ClCompile Include="dllmain.cpp">
      <Filter>소스 파일</Filter>
    </ClCompile>
    <ClCompile Include="src\DUOLJson\JsonReader.cpp">
      <Filter>소스 파일</Filter>
    </ClCompile>
  </ItemGroup>
</Project>