
Microsoft Visual Studio Solution File, Format Version 12.00
# Visual Studio Version 17
VisualStudioVersion = 17.3.32922.545
MinimumVisualStudioVersion = 10.0.40219.1
Project("{8BC9CEB8-8B4A-11D0-8D11-00A0C91BC942}") = "DUOLGraphicsLibrary", "DUOLGraphicsLibrary\DUOLGraphicsLibrary.vcxproj", "{3FE2FED2-72A2-40F5-9907-A170ABF495E1}"
EndProject
Project("{8BC9CEB8-8B4A-11D0-8D11-00A0C91BC942}") = "DUOLGraphicsLibrary_Direct3D11", "DUOLGraphicsLibrary_Direct3D11\DUOLGraphicsLibrary_Direct3D11.vcxproj", "{C1E16A62-C192-484A-964A-B4C87755CC1B}"
	ProjectSection(ProjectDependencies) = postProject
		{3FE2FED2-72A2-40F5-9907-A170ABF495E1} = {3FE2FED2-72A2-40F5-9907-A170ABF495E1}
	EndProjectSection
EndProject
Project("{8BC9CEB8-8B4A-11D0-8D11-00A0C91BC942}") = "GraphicsDemo", "GraphicsDemo\GraphicsDemo.vcxproj", "{C293C156-66B0-4F79-AE44-C117782A3AD1}"
	ProjectSection(ProjectDependencies) = postProject
		{1B1700CA-BB69-488D-B6A9-9971042B4D31} = {1B1700CA-BB69-488D-B6A9-9971042B4D31}
	EndProjectSection
EndProject
Project("{8BC9CEB8-8B4A-11D0-8D11-00A0C91BC942}") = "DUOLGraphicsEngine", "DUOLGraphicsEngine\DUOLGraphicsEngine.vcxproj", "{1B1700CA-BB69-488D-B6A9-9971042B4D31}"
	ProjectSection(ProjectDependencies) = postProject
		{3FE2FED2-72A2-40F5-9907-A170ABF495E1} = {3FE2FED2-72A2-40F5-9907-A170ABF495E1}
	EndProjectSection
EndProject
Project("{2150E333-8FDC-42A3-9474-1A3956D46DE8}") = "Shader", "Shader", "{AF924B0F-A3DD-46BF-AA06-2C53C32B3093}"
	ProjectSection(SolutionItems) = preProject
		Build\x64\Debug\Asset\Shader\cbPerFrame.hlsl = Build\x64\Debug\Asset\Shader\cbPerFrame.hlsl
		Build\x64\Debug\Asset\Shader\LightHelper.hlsl = Build\x64\Debug\Asset\Shader\LightHelper.hlsl
		Build\x64\Debug\Asset\Shader\PBRHelper.hlsl = Build\x64\Debug\Asset\Shader\PBRHelper.hlsl
		Build\x64\Debug\Asset\Shader\PixelShader_Deferred.hlsl = Build\x64\Debug\Asset\Shader\PixelShader_Deferred.hlsl
		Build\x64\Debug\Asset\Shader\PixelShader_Merge.hlsl = Build\x64\Debug\Asset\Shader\PixelShader_Merge.hlsl
		Build\x64\Debug\Asset\Shader\PixelShader_Mesh.hlsl = Build\x64\Debug\Asset\Shader\PixelShader_Mesh.hlsl
		Build\x64\Debug\Asset\Shader\PixelShader_Shadow.hlsl = Build\x64\Debug\Asset\Shader\PixelShader_Shadow.hlsl
		Build\x64\Debug\Asset\Shader\ShaderHelper.hlsl = Build\x64\Debug\Asset\Shader\ShaderHelper.hlsl
		Build\x64\Debug\Asset\Shader\VertexShader_Merger.hlsl = Build\x64\Debug\Asset\Shader\VertexShader_Merger.hlsl
		Build\x64\Debug\Asset\Shader\VertexShader_Mesh.hlsl = Build\x64\Debug\Asset\Shader\VertexShader_Mesh.hlsl
		Build\x64\Debug\Asset\Shader\VertexShader_PostProcess.hlsl = Build\x64\Debug\Asset\Shader\VertexShader_PostProcess.hlsl
	EndProjectSection
EndProject
Global
	GlobalSection(SolutionConfigurationPlatforms) = preSolution
		Debug|x64 = Debug|x64
		Debug|x86 = Debug|x86
		Release|x64 = Release|x64
		Release|x86 = Release|x86
	EndGlobalSection
	GlobalSection(ProjectConfigurationPlatforms) = postSolution
		{3FE2FED2-72A2-40F5-9907-A170ABF495E1}.Debug|x64.ActiveCfg = Debug|x64
		{3FE2FED2-72A2-40F5-9907-A170ABF495E1}.Debug|x64.Build.0 = Debug|x64
		{3FE2FED2-72A2-40F5-9907-A170ABF495E1}.Debug|x86.ActiveCfg = Debug|Win32
		{3FE2FED2-72A2-40F5-9907-A170ABF495E1}.Debug|x86.Build.0 = Debug|Win32
		{3FE2FED2-72A2-40F5-9907-A170ABF495E1}.Release|x64.ActiveCfg = Release|x64
		{3FE2FED2-72A2-40F5-9907-A170ABF495E1}.Release|x64.Build.0 = Release|x64
		{3FE2FED2-72A2-40F5-9907-A170ABF495E1}.Release|x86.ActiveCfg = Release|Win32
		{3FE2FED2-72A2-40F5-9907-A170ABF495E1}.Release|x86.Build.0 = Release|Win32
		{C1E16A62-C192-484A-964A-B4C87755CC1B}.Debug|x64.ActiveCfg = Debug|x64
		{C1E16A62-C192-484A-964A-B4C87755CC1B}.Debug|x64.Build.0 = Debug|x64
		{C1E16A62-C192-484A-964A-B4C87755CC1B}.Debug|x86.ActiveCfg = Debug|Win32
		{C1E16A62-C192-484A-964A-B4C87755CC1B}.Debug|x86.Build.0 = Debug|Win32
		{C1E16A62-C192-484A-964A-B4C87755CC1B}.Release|x64.ActiveCfg = Release|x64
		{C1E16A62-C192-484A-964A-B4C87755CC1B}.Release|x64.Build.0 = Release|x64
		{C1E16A62-C192-484A-964A-B4C87755CC1B}.Release|x86.ActiveCfg = Release|Win32
		{C1E16A62-C192-484A-964A-B4C87755CC1B}.Release|x86.Build.0 = Release|Win32
		{C293C156-66B0-4F79-AE44-C117782A3AD1}.Debug|x64.ActiveCfg = Debug|x64
		{C293C156-66B0-4F79-AE44-C117782A3AD1}.Debug|x64.Build.0 = Debug|x64
		{C293C156-66B0-4F79-AE44-C117782A3AD1}.Debug|x86.ActiveCfg = Debug|Win32
		{C293C156-66B0-4F79-AE44-C117782A3AD1}.Debug|x86.Build.0 = Debug|Win32
		{C293C156-66B0-4F79-AE44-C117782A3AD1}.Release|x64.ActiveCfg = Release|x64
		{C293C156-66B0-4F79-AE44-C117782A3AD1}.Release|x64.Build.0 = Release|x64
		{C293C156-66B0-4F79-AE44-C117782A3AD1}.Release|x86.ActiveCfg = Release|Win32
		{C293C156-66B0-4F79-AE44-C117782A3AD1}.Release|x86.Build.0 = Release|Win32
		{1B1700CA-BB69-488D-B6A9-9971042B4D31}.Debug|x64.ActiveCfg = Debug|x64
		{1B1700CA-BB69-488D-B6A9-9971042B4D31}.Debug|x64.Build.0 = Debug|x64
		{1B1700CA-BB69-488D-B6A9-9971042B4D31}.Debug|x86.ActiveCfg = Debug|Win32
		{1B1700CA-BB69-488D-B6A9-9971042B4D31}.Debug|x86.Build.0 = Debug|Win32
		{1B1700CA-BB69-488D-B6A9-9971042B4D31}.Release|x64.ActiveCfg = Release|x64
		{1B1700CA-BB69-488D-B6A9-9971042B4D31}.Release|x64.Build.0 = Release|x64
		{1B1700CA-BB69-488D-B6A9-9971042B4D31}.Release|x86.ActiveCfg = Release|Win32
		{1B1700CA-BB69-488D-B6A9-9971042B4D31}.Release|x86.Build.0 = Release|Win32
	EndGlobalSection
	GlobalSection(SolutionProperties) = preSolution
		HideSolutionNode = FALSE
	EndGlobalSection
	GlobalSection(ExtensibilityGlobals) = postSolution
		SolutionGuid = {88BAE215-9E68-4BBA-9816-A95B085D6FE5}
	EndGlobalSection
EndGlobal
