
Microsoft Visual Studio Solution File, Format Version 12.00
# Visual Studio Version 17
VisualStudioVersion = 17.3.32922.545
MinimumVisualStudioVersion = 10.0.40219.1
Project("{8BC9CEB8-8B4A-11D0-8D11-00A0C91BC942}") = "DUOLGraphicsLibrary", "DUOLGraphicsLibrary\DUOLGraphicsLibrary.vcxproj", "{3FE2FED2-72A2-40F5-9907-A170ABF495E1}"
EndProject
Project("{8BC9CEB8-8B4A-11D0-8D11-00A0C91BC942}") = "DUOLGeometry", "DUOLGeometry\DUOLGeometry.vcxproj", "{4A253DD8-C044-4DDA-BE42-84B1A6BDA123}"
EndProject
Project("{8BC9CEB8-8B4A-11D0-8D11-00A0C91BC942}") = "DUOLJson", "DUOLJson\DUOLJson.vcxproj", "{2B7C00E5-9881-4587-8479-1F0D899CE4EF}"
EndProject
Project("{8BC9CEB8-8B4A-11D0-8D11-00A0C91BC942}") = "DUOLMath", "DUOLMath\DUOLMath.vcxproj", "{91B9CA9E-E7B4-4CA5-B478-A6E851B81F0B}"
EndProject
Project("{8BC9CEB8-8B4A-11D0-8D11-00A0C91BC942}") = "DUOLGameEngine", "DUOLGameEngine\DUOLGameEngine.vcxproj", "{D8D1A930-5652-4A25-A4A3-A9C08963DF1A}"
EndProject
Project("{8BC9CEB8-8B4A-11D0-8D11-00A0C91BC942}") = "DUOLEditor", "DUOLEditor\DUOLEditor.vcxproj", "{A37203C1-344A-4234-8B08-81A3309B182D}"
EndProject
Project("{8BC9CEB8-8B4A-11D0-8D11-00A0C91BC942}") = "DUOLGame", "DUOLGame\DUOLGame.vcxproj", "{F740072C-93B8-4CAD-9CD9-95A776250B84}"
	ProjectSection(ProjectDependencies) = postProject
		{D8D1A930-5652-4A25-A4A3-A9C08963DF1A} = {D8D1A930-5652-4A25-A4A3-A9C08963DF1A}
	EndProjectSection
EndProject
Project("{2150E333-8FDC-42A3-9474-1A3956D46DE8}") = "Engine", "Engine", "{58E035B8-7860-4093-BCC8-9D9DA54F1489}"
EndProject
Project("{2150E333-8FDC-42A3-9474-1A3956D46DE8}") = "Utility", "Utility", "{AD914120-3089-460D-B9B4-08D5E4EEFBC1}"
EndProject
Project("{2150E333-8FDC-42A3-9474-1A3956D46DE8}") = "Game", "Game", "{905F014D-D7FA-4E2D-8A67-7B3A7F94D519}"
EndProject
Project("{8BC9CEB8-8B4A-11D0-8D11-00A0C91BC942}") = "DUOLCommon", "DUOLCommon\DUOLCommon.vcxproj", "{E9F5D3DA-CB87-402C-B0B7-2F1C85B11F2D}"
EndProject
Project("{8BC9CEB8-8B4A-11D0-8D11-00A0C91BC942}") = "DUOLFBXImporter", "DUOLFbxImporter\DUOLFbxImporter\DUOLFbxImporter.vcxproj", "{8ED70A59-A611-43D3-9806-4F63CCD61E5B}"
EndProject
Project("{8BC9CEB8-8B4A-11D0-8D11-00A0C91BC942}") = "DUOLPhysics", "DUOLPhysics\DUOLPhysics.vcxproj", "{B51B06A7-350E-4F1A-A70B-EE9886759C4A}"
EndProject
Project("{8BC9CEB8-8B4A-11D0-8D11-00A0C91BC942}") = "DUOLSound", "DUOLSound\DUOLSound.vcxproj", "{AEB5D673-E3BC-4205-A93B-3856EC6FEE7B}"
EndProject
Project("{8BC9CEB8-8B4A-11D0-8D11-00A0C91BC942}") = "DUOLGraphicsEngine", "DUOLGraphicsEngine\DUOLGraphicsEngine.vcxproj", "{1B1700CA-BB69-488D-B6A9-9971042B4D31}"
EndProject
Project("{8BC9CEB8-8B4A-11D0-8D11-00A0C91BC942}") = "DUOLGraphicsLibrary_Direct3D11", "DUOLGraphicsLibrary_Direct3D11\DUOLGraphicsLibrary_Direct3D11.vcxproj", "{C1E16A62-C192-484A-964A-B4C87755CC1B}"
EndProject
Project("{8BC9CEB8-8B4A-11D0-8D11-00A0C91BC942}") = "EffectToolDemo", "DUOLEffectEditor\EffectToolDemo\EffectToolDemo.vcxproj", "{0B766FFB-2453-4E20-89E6-DB1D3B45459F}"
EndProject
Global
	GlobalSection(SolutionConfigurationPlatforms) = preSolution
		Debug|x64 = Debug|x64
		Debug|x86 = Debug|x86
		Release|x64 = Release|x64
		Release|x86 = Release|x86
	EndGlobalSection
	GlobalSection(ProjectConfigurationPlatforms) = postSolution
		{3FE2FED2-72A2-40F5-9907-A170ABF495E1}.Debug|x64.ActiveCfg = Debug|x64
		{3FE2FED2-72A2-40F5-9907-A170ABF495E1}.Debug|x64.Build.0 = Debug|x64
		{3FE2FED2-72A2-40F5-9907-A170ABF495E1}.Debug|x86.ActiveCfg = Debug|Win32
		{3FE2FED2-72A2-40F5-9907-A170ABF495E1}.Debug|x86.Build.0 = Debug|Win32
		{3FE2FED2-72A2-40F5-9907-A170ABF495E1}.Release|x64.ActiveCfg = Release|x64
		{3FE2FED2-72A2-40F5-9907-A170ABF495E1}.Release|x64.Build.0 = Release|x64
		{3FE2FED2-72A2-40F5-9907-A170ABF495E1}.Release|x86.ActiveCfg = Release|Win32
		{3FE2FED2-72A2-40F5-9907-A170ABF495E1}.Release|x86.Build.0 = Release|Win32
		{4A253DD8-C044-4DDA-BE42-84B1A6BDA123}.Debug|x64.ActiveCfg = Debug|x64
		{4A253DD8-C044-4DDA-BE42-84B1A6BDA123}.Debug|x64.Build.0 = Debug|x64
		{4A253DD8-C044-4DDA-BE42-84B1A6BDA123}.Debug|x86.ActiveCfg = Debug|Win32
		{4A253DD8-C044-4DDA-BE42-84B1A6BDA123}.Debug|x86.Build.0 = Debug|Win32
		{4A253DD8-C044-4DDA-BE42-84B1A6BDA123}.Release|x64.ActiveCfg = Release|x64
		{4A253DD8-C044-4DDA-BE42-84B1A6BDA123}.Release|x64.Build.0 = Release|x64
		{4A253DD8-C044-4DDA-BE42-84B1A6BDA123}.Release|x86.ActiveCfg = Release|Win32
		{4A253DD8-C044-4DDA-BE42-84B1A6BDA123}.Release|x86.Build.0 = Release|Win32
		{2B7C00E5-9881-4587-8479-1F0D899CE4EF}.Debug|x64.ActiveCfg = Debug|x64
		{2B7C00E5-9881-4587-8479-1F0D899CE4EF}.Debug|x64.Build.0 = Debug|x64
		{2B7C00E5-9881-4587-8479-1F0D899CE4EF}.Debug|x86.ActiveCfg = Debug|Win32
		{2B7C00E5-9881-4587-8479-1F0D899CE4EF}.Debug|x86.Build.0 = Debug|Win32
		{2B7C00E5-9881-4587-8479-1F0D899CE4EF}.Release|x64.ActiveCfg = Release|x64
		{2B7C00E5-9881-4587-8479-1F0D899CE4EF}.Release|x64.Build.0 = Release|x64
		{2B7C00E5-9881-4587-8479-1F0D899CE4EF}.Release|x86.ActiveCfg = Release|Win32
		{2B7C00E5-9881-4587-8479-1F0D899CE4EF}.Release|x86.Build.0 = Release|Win32
		{91B9CA9E-E7B4-4CA5-B478-A6E851B81F0B}.Debug|x64.ActiveCfg = Debug|x64
		{91B9CA9E-E7B4-4CA5-B478-A6E851B81F0B}.Debug|x64.Build.0 = Debug|x64
		{91B9CA9E-E7B4-4CA5-B478-A6E851B81F0B}.Debug|x86.ActiveCfg = Debug|Win32
		{91B9CA9E-E7B4-4CA5-B478-A6E851B81F0B}.Debug|x86.Build.0 = Debug|Win32
		{91B9CA9E-E7B4-4CA5-B478-A6E851B81F0B}.Release|x64.ActiveCfg = Release|x64
		{91B9CA9E-E7B4-4CA5-B478-A6E851B81F0B}.Release|x64.Build.0 = Release|x64
		{91B9CA9E-E7B4-4CA5-B478-A6E851B81F0B}.Release|x86.ActiveCfg = Release|Win32
		{91B9CA9E-E7B4-4CA5-B478-A6E851B81F0B}.Release|x86.Build.0 = Release|Win32
		{D8D1A930-5652-4A25-A4A3-A9C08963DF1A}.Debug|x64.ActiveCfg = Debug|x64
		{D8D1A930-5652-4A25-A4A3-A9C08963DF1A}.Debug|x64.Build.0 = Debug|x64
		{D8D1A930-5652-4A25-A4A3-A9C08963DF1A}.Debug|x86.ActiveCfg = Debug|Win32
		{D8D1A930-5652-4A25-A4A3-A9C08963DF1A}.Debug|x86.Build.0 = Debug|Win32
		{D8D1A930-5652-4A25-A4A3-A9C08963DF1A}.Release|x64.ActiveCfg = Release|x64
		{D8D1A930-5652-4A25-A4A3-A9C08963DF1A}.Release|x64.Build.0 = Release|x64
		{D8D1A930-5652-4A25-A4A3-A9C08963DF1A}.Release|x86.ActiveCfg = Release|Win32
		{D8D1A930-5652-4A25-A4A3-A9C08963DF1A}.Release|x86.Build.0 = Release|Win32
		{A37203C1-344A-4234-8B08-81A3309B182D}.Debug|x64.ActiveCfg = Debug|x64
		{A37203C1-344A-4234-8B08-81A3309B182D}.Debug|x64.Build.0 = Debug|x64
		{A37203C1-344A-4234-8B08-81A3309B182D}.Debug|x86.ActiveCfg = Debug|Win32
		{A37203C1-344A-4234-8B08-81A3309B182D}.Debug|x86.Build.0 = Debug|Win32
		{A37203C1-344A-4234-8B08-81A3309B182D}.Release|x64.ActiveCfg = Release|x64
		{A37203C1-344A-4234-8B08-81A3309B182D}.Release|x64.Build.0 = Release|x64
		{A37203C1-344A-4234-8B08-81A3309B182D}.Release|x86.ActiveCfg = Release|Win32
		{A37203C1-344A-4234-8B08-81A3309B182D}.Release|x86.Build.0 = Release|Win32
		{F740072C-93B8-4CAD-9CD9-95A776250B84}.Debug|x64.ActiveCfg = Debug|x64
		{F740072C-93B8-4CAD-9CD9-95A776250B84}.Debug|x64.Build.0 = Debug|x64
		{F740072C-93B8-4CAD-9CD9-95A776250B84}.Debug|x86.ActiveCfg = Debug|Win32
		{F740072C-93B8-4CAD-9CD9-95A776250B84}.Debug|x86.Build.0 = Debug|Win32
		{F740072C-93B8-4CAD-9CD9-95A776250B84}.Release|x64.ActiveCfg = Release|x64
		{F740072C-93B8-4CAD-9CD9-95A776250B84}.Release|x64.Build.0 = Release|x64
		{F740072C-93B8-4CAD-9CD9-95A776250B84}.Release|x86.ActiveCfg = Release|Win32
		{F740072C-93B8-4CAD-9CD9-95A776250B84}.Release|x86.Build.0 = Release|Win32
		{E9F5D3DA-CB87-402C-B0B7-2F1C85B11F2D}.Debug|x64.ActiveCfg = Debug|x64
		{E9F5D3DA-CB87-402C-B0B7-2F1C85B11F2D}.Debug|x64.Build.0 = Debug|x64
		{E9F5D3DA-CB87-402C-B0B7-2F1C85B11F2D}.Debug|x86.ActiveCfg = Debug|Win32
		{E9F5D3DA-CB87-402C-B0B7-2F1C85B11F2D}.Debug|x86.Build.0 = Debug|Win32
		{E9F5D3DA-CB87-402C-B0B7-2F1C85B11F2D}.Release|x64.ActiveCfg = Release|x64
		{E9F5D3DA-CB87-402C-B0B7-2F1C85B11F2D}.Release|x64.Build.0 = Release|x64
		{E9F5D3DA-CB87-402C-B0B7-2F1C85B11F2D}.Release|x86.ActiveCfg = Release|Win32
		{E9F5D3DA-CB87-402C-B0B7-2F1C85B11F2D}.Release|x86.Build.0 = Release|Win32
		{8ED70A59-A611-43D3-9806-4F63CCD61E5B}.Debug|x64.ActiveCfg = Debug|x64
		{8ED70A59-A611-43D3-9806-4F63CCD61E5B}.Debug|x64.Build.0 = Debug|x64
		{8ED70A59-A611-43D3-9806-4F63CCD61E5B}.Debug|x86.ActiveCfg = Debug|Win32
		{8ED70A59-A611-43D3-9806-4F63CCD61E5B}.Debug|x86.Build.0 = Debug|Win32
		{8ED70A59-A611-43D3-9806-4F63CCD61E5B}.Release|x64.ActiveCfg = Release|x64
		{8ED70A59-A611-43D3-9806-4F63CCD61E5B}.Release|x64.Build.0 = Release|x64
		{8ED70A59-A611-43D3-9806-4F63CCD61E5B}.Release|x86.ActiveCfg = Release|Win32
		{8ED70A59-A611-43D3-9806-4F63CCD61E5B}.Release|x86.Build.0 = Release|Win32
		{B51B06A7-350E-4F1A-A70B-EE9886759C4A}.Debug|x64.ActiveCfg = Debug|x64
		{B51B06A7-350E-4F1A-A70B-EE9886759C4A}.Debug|x64.Build.0 = Debug|x64
		{B51B06A7-350E-4F1A-A70B-EE9886759C4A}.Debug|x86.ActiveCfg = Debug|Win32
		{B51B06A7-350E-4F1A-A70B-EE9886759C4A}.Debug|x86.Build.0 = Debug|Win32
		{B51B06A7-350E-4F1A-A70B-EE9886759C4A}.Release|x64.ActiveCfg = Release|x64
		{B51B06A7-350E-4F1A-A70B-EE9886759C4A}.Release|x64.Build.0 = Release|x64
		{B51B06A7-350E-4F1A-A70B-EE9886759C4A}.Release|x86.ActiveCfg = Release|Win32
		{B51B06A7-350E-4F1A-A70B-EE9886759C4A}.Release|x86.Build.0 = Release|Win32
		{AEB5D673-E3BC-4205-A93B-3856EC6FEE7B}.Debug|x64.ActiveCfg = Debug|x64
		{AEB5D673-E3BC-4205-A93B-3856EC6FEE7B}.Debug|x64.Build.0 = Debug|x64
		{AEB5D673-E3BC-4205-A93B-3856EC6FEE7B}.Debug|x86.ActiveCfg = Debug|Win32
		{AEB5D673-E3BC-4205-A93B-3856EC6FEE7B}.Debug|x86.Build.0 = Debug|Win32
		{AEB5D673-E3BC-4205-A93B-3856EC6FEE7B}.Release|x64.ActiveCfg = Release|x64
		{AEB5D673-E3BC-4205-A93B-3856EC6FEE7B}.Release|x64.Build.0 = Release|x64
		{AEB5D673-E3BC-4205-A93B-3856EC6FEE7B}.Release|x86.ActiveCfg = Release|Win32
		{AEB5D673-E3BC-4205-A93B-3856EC6FEE7B}.Release|x86.Build.0 = Release|Win32
		{1B1700CA-BB69-488D-B6A9-9971042B4D31}.Debug|x64.ActiveCfg = Debug|x64
		{1B1700CA-BB69-488D-B6A9-9971042B4D31}.Debug|x64.Build.0 = Debug|x64
		{1B1700CA-BB69-488D-B6A9-9971042B4D31}.Debug|x86.ActiveCfg = Debug|Win32
		{1B1700CA-BB69-488D-B6A9-9971042B4D31}.Debug|x86.Build.0 = Debug|Win32
		{1B1700CA-BB69-488D-B6A9-9971042B4D31}.Release|x64.ActiveCfg = Release|x64
		{1B1700CA-BB69-488D-B6A9-9971042B4D31}.Release|x64.Build.0 = Release|x64
		{1B1700CA-BB69-488D-B6A9-9971042B4D31}.Release|x86.ActiveCfg = Release|Win32
		{1B1700CA-BB69-488D-B6A9-9971042B4D31}.Release|x86.Build.0 = Release|Win32
		{C1E16A62-C192-484A-964A-B4C87755CC1B}.Debug|x64.ActiveCfg = Debug|x64
		{C1E16A62-C192-484A-964A-B4C87755CC1B}.Debug|x64.Build.0 = Debug|x64
		{C1E16A62-C192-484A-964A-B4C87755CC1B}.Debug|x86.ActiveCfg = Debug|Win32
		{C1E16A62-C192-484A-964A-B4C87755CC1B}.Debug|x86.Build.0 = Debug|Win32
		{C1E16A62-C192-484A-964A-B4C87755CC1B}.Release|x64.ActiveCfg = Release|x64
		{C1E16A62-C192-484A-964A-B4C87755CC1B}.Release|x64.Build.0 = Release|x64
		{C1E16A62-C192-484A-964A-B4C87755CC1B}.Release|x86.ActiveCfg = Release|Win32
		{C1E16A62-C192-484A-964A-B4C87755CC1B}.Release|x86.Build.0 = Release|Win32
		{0B766FFB-2453-4E20-89E6-DB1D3B45459F}.Debug|x64.ActiveCfg = Debug|x64
		{0B766FFB-2453-4E20-89E6-DB1D3B45459F}.Debug|x64.Build.0 = Debug|x64
		{0B766FFB-2453-4E20-89E6-DB1D3B45459F}.Debug|x86.ActiveCfg = Debug|Win32
		{0B766FFB-2453-4E20-89E6-DB1D3B45459F}.Debug|x86.Build.0 = Debug|Win32
		{0B766FFB-2453-4E20-89E6-DB1D3B45459F}.Release|x64.ActiveCfg = Release|x64
		{0B766FFB-2453-4E20-89E6-DB1D3B45459F}.Release|x64.Build.0 = Release|x64
		{0B766FFB-2453-4E20-89E6-DB1D3B45459F}.Release|x86.ActiveCfg = Release|Win32
		{0B766FFB-2453-4E20-89E6-DB1D3B45459F}.Release|x86.Build.0 = Release|Win32
	EndGlobalSection
	GlobalSection(SolutionProperties) = preSolution
		HideSolutionNode = FALSE
	EndGlobalSection
	GlobalSection(NestedProjects) = preSolution
		{3FE2FED2-72A2-40F5-9907-A170ABF495E1} = {58E035B8-7860-4093-BCC8-9D9DA54F1489}
		{4A253DD8-C044-4DDA-BE42-84B1A6BDA123} = {58E035B8-7860-4093-BCC8-9D9DA54F1489}
		{2B7C00E5-9881-4587-8479-1F0D899CE4EF} = {AD914120-3089-460D-B9B4-08D5E4EEFBC1}
		{91B9CA9E-E7B4-4CA5-B478-A6E851B81F0B} = {AD914120-3089-460D-B9B4-08D5E4EEFBC1}
		{D8D1A930-5652-4A25-A4A3-A9C08963DF1A} = {58E035B8-7860-4093-BCC8-9D9DA54F1489}
		{A37203C1-344A-4234-8B08-81A3309B182D} = {58E035B8-7860-4093-BCC8-9D9DA54F1489}
		{F740072C-93B8-4CAD-9CD9-95A776250B84} = {905F014D-D7FA-4E2D-8A67-7B3A7F94D519}
		{E9F5D3DA-CB87-402C-B0B7-2F1C85B11F2D} = {AD914120-3089-460D-B9B4-08D5E4EEFBC1}
		{8ED70A59-A611-43D3-9806-4F63CCD61E5B} = {AD914120-3089-460D-B9B4-08D5E4EEFBC1}
		{B51B06A7-350E-4F1A-A70B-EE9886759C4A} = {AD914120-3089-460D-B9B4-08D5E4EEFBC1}
		{AEB5D673-E3BC-4205-A93B-3856EC6FEE7B} = {58E035B8-7860-4093-BCC8-9D9DA54F1489}
		{1B1700CA-BB69-488D-B6A9-9971042B4D31} = {58E035B8-7860-4093-BCC8-9D9DA54F1489}
		{C1E16A62-C192-484A-964A-B4C87755CC1B} = {58E035B8-7860-4093-BCC8-9D9DA54F1489}
		{0B766FFB-2453-4E20-89E6-DB1D3B45459F} = {AD914120-3089-460D-B9B4-08D5E4EEFBC1}
	EndGlobalSection
	GlobalSection(ExtensibilityGlobals) = postSolution
		SolutionGuid = {E13C2E29-7F7F-4C72-B4CC-284F721C8FC4}
	EndGlobalSection
EndGlobal
