
Microsoft Visual Studio Solution File, Format Version 12.00
# Visual Studio Version 17
VisualStudioVersion = 17.3.32922.545
MinimumVisualStudioVersion = 10.0.40219.1
Project("{8BC9CEB8-8B4A-11D0-8D11-00A0C91BC942}") = "ModuleTest", "ModuleTest\ModuleTest.vcxproj", "{08AA49CC-E781-497C-B7CB-F9B0D5A351F2}"
	ProjectSection(ProjectDependencies) = postProject
		{B51B06A7-350E-4F1A-A70B-EE9886759C4A} = {B51B06A7-350E-4F1A-A70B-EE9886759C4A}
	EndProjectSection
EndProject
Project("{8BC9CEB8-8B4A-11D0-8D11-00A0C91BC942}") = "DUOLGameEngine", "DUOLGameEngine\DUOLGameEngine.vcxproj", "{D8D1A930-5652-4A25-A4A3-A9C08963DF1A}"
EndProject
Project("{8BC9CEB8-8B4A-11D0-8D11-00A0C91BC942}") = "DUOLPhysics", "DUOLPhysics\DUOLPhysics.vcxproj", "{B51B06A7-350E-4F1A-A70B-EE9886759C4A}"
EndProject
Global
	GlobalSection(SolutionConfigurationPlatforms) = preSolution
		Debug|x64 = Debug|x64
		Debug|x86 = Debug|x86
		Release|x64 = Release|x64
		Release|x86 = Release|x86
	EndGlobalSection
	GlobalSection(ProjectConfigurationPlatforms) = postSolution
		{08AA49CC-E781-497C-B7CB-F9B0D5A351F2}.Debug|x64.ActiveCfg = Debug|x64
		{08AA49CC-E781-497C-B7CB-F9B0D5A351F2}.Debug|x64.Build.0 = Debug|x64
		{08AA49CC-E781-497C-B7CB-F9B0D5A351F2}.Debug|x86.ActiveCfg = Debug|Win32
		{08AA49CC-E781-497C-B7CB-F9B0D5A351F2}.Debug|x86.Build.0 = Debug|Win32
		{08AA49CC-E781-497C-B7CB-F9B0D5A351F2}.Release|x64.ActiveCfg = Release|x64
		{08AA49CC-E781-497C-B7CB-F9B0D5A351F2}.Release|x64.Build.0 = Release|x64
		{08AA49CC-E781-497C-B7CB-F9B0D5A351F2}.Release|x86.ActiveCfg = Release|Win32
		{08AA49CC-E781-497C-B7CB-F9B0D5A351F2}.Release|x86.Build.0 = Release|Win32
		{D8D1A930-5652-4A25-A4A3-A9C08963DF1A}.Debug|x64.ActiveCfg = Debug|x64
		{D8D1A930-5652-4A25-A4A3-A9C08963DF1A}.Debug|x64.Build.0 = Debug|x64
		{D8D1A930-5652-4A25-A4A3-A9C08963DF1A}.Debug|x86.ActiveCfg = Debug|Win32
		{D8D1A930-5652-4A25-A4A3-A9C08963DF1A}.Debug|x86.Build.0 = Debug|Win32
		{D8D1A930-5652-4A25-A4A3-A9C08963DF1A}.Release|x64.ActiveCfg = Release|x64
		{D8D1A930-5652-4A25-A4A3-A9C08963DF1A}.Release|x64.Build.0 = Release|x64
		{D8D1A930-5652-4A25-A4A3-A9C08963DF1A}.Release|x86.ActiveCfg = Release|Win32
		{D8D1A930-5652-4A25-A4A3-A9C08963DF1A}.Release|x86.Build.0 = Release|Win32
		{B51B06A7-350E-4F1A-A70B-EE9886759C4A}.Debug|x64.ActiveCfg = Debug|x64
		{B51B06A7-350E-4F1A-A70B-EE9886759C4A}.Debug|x64.Build.0 = Debug|x64
		{B51B06A7-350E-4F1A-A70B-EE9886759C4A}.Debug|x86.ActiveCfg = Debug|Win32
		{B51B06A7-350E-4F1A-A70B-EE9886759C4A}.Debug|x86.Build.0 = Debug|Win32
		{B51B06A7-350E-4F1A-A70B-EE9886759C4A}.Release|x64.ActiveCfg = Release|x64
		{B51B06A7-350E-4F1A-A70B-EE9886759C4A}.Release|x64.Build.0 = Release|x64
		{B51B06A7-350E-4F1A-A70B-EE9886759C4A}.Release|x86.ActiveCfg = Release|Win32
		{B51B06A7-350E-4F1A-A70B-EE9886759C4A}.Release|x86.Build.0 = Release|Win32
	EndGlobalSection
	GlobalSection(SolutionProperties) = preSolution
		HideSolutionNode = FALSE
	EndGlobalSection
	GlobalSection(ExtensibilityGlobals) = postSolution
		SolutionGuid = {0215B73A-4F0B-44BD-96E6-12E69E39F345}
	EndGlobalSection
EndGlobal
