<?xml version="1.0" encoding="utf-8"?>
<Project ToolsVersion="4.0" xmlns="http://schemas.microsoft.com/developer/msbuild/2003">
  <ItemGroup>
    <Filter Include="소스 파일">
      <UniqueIdentifier>{4FC737F1-C7A5-4376-A066-2A32D752A2FF}</UniqueIdentifier>
      <Extensions>cpp;c;cc;cxx;c++;cppm;ixx;def;odl;idl;hpj;bat;asm;asmx</Extensions>
    </Filter>
    <Filter Include="헤더 파일">
      <UniqueIdentifier>{93995380-89BD-4b04-88EB-625FBE52EBFB}</UniqueIdentifier>
      <Extensions>h;hh;hpp;hxx;h++;hm;inl;inc;ipp;xsd</Extensions>
    </Filter>
    <Filter Include="리소스 파일">
      <UniqueIdentifier>{67DA6AB6-F800-4c08-8B7A-83BB121AAD01}</UniqueIdentifier>
      <Extensions>rc;ico;cur;bmp;dlg;rc2;rct;bin;rgs;gif;jpg;jpeg;jpe;resx;tiff;tif;png;wav;mfcribbon-ms</Extensions>
    </Filter>
  </ItemGroup>
  <ItemGroup>
    <ClInclude Include="include\DUOLEditor\Editor.h">
      <Filter>헤더 파일</Filter>
    </ClInclude>
    <ClInclude Include="include\DUOLEditor\Application.h">
      <Filter>헤더 파일</Filter>
    </ClInclude>
    <ClInclude Include="include\DUOLEditor\UI\GUIManager.h">
      <Filter>헤더 파일</Filter>
    </ClInclude>
    <ClInclude Include="include\DUOLEditor\UI\GUIBase.h">
      <Filter>헤더 파일</Filter>
    </ClInclude>
    <ClInclude Include="include\DUOLEditor\UI\Page\Page.h">
      <Filter>헤더 파일</Filter>
    </ClInclude>
    <ClInclude Include="include\DUOLEditor\UI\Widgets\WidgetBase.h">
      <Filter>헤더 파일</Filter>
    </ClInclude>
    <ClInclude Include="include\DUOLEditor\UI\Widgets\WidgetGroupBase.h">
      <Filter>헤더 파일</Filter>
    </ClInclude>
    <ClInclude Include="include\DUOLEditor\UI\Panels\PanelBase.h">
      <Filter>헤더 파일</Filter>
    </ClInclude>
    <ClInclude Include="include\DUOLEditor\UI\Widgets\Buttons\ButtonBase.h">
      <Filter>헤더 파일</Filter>
    </ClInclude>
    <ClInclude Include="include\DUOLEditor\UI\Widgets\Buttons\Button.h">
      <Filter>헤더 파일</Filter>
    </ClInclude>
    <ClInclude Include="include\DUOLEditor\Util\ImGuiHelper.h">
      <Filter>헤더 파일</Filter>
    </ClInclude>
    <ClInclude Include="include\DUOLEditor\Util\Color.h">
      <Filter>헤더 파일</Filter>
    </ClInclude>
    <ClInclude Include="include\DUOLEditor\UI\Widgets\Buttons\ButtonArrow.h">
      <Filter>헤더 파일</Filter>
    </ClInclude>
    <ClInclude Include="include\DUOLEditor\UI\Widgets\Buttons\ButtonImage.h">
      <Filter>헤더 파일</Filter>
    </ClInclude>
    <ClInclude Include="include\DUOLEditor\UI\Widgets\Buttons\ButtonSmall.h">
      <Filter>헤더 파일</Filter>
    </ClInclude>
    <ClInclude Include="include\DUOLEditor\UI\Widgets\Buttons\ButtonColored.h">
      <Filter>헤더 파일</Filter>
    </ClInclude>
    <ClInclude Include="include\DUOLEditor\UI\Widgets\DataWidgetBase.h">
      <Filter>헤더 파일</Filter>
    </ClInclude>
    <ClInclude Include="include\DUOLEditor\UI\Widgets\Texts\Text.h">
      <Filter>헤더 파일</Filter>
    </ClInclude>
    <ClInclude Include="include\DUOLEditor\UI\Widgets\Display\Bullet.h">
      <Filter>헤더 파일</Filter>
    </ClInclude>
    <ClInclude Include="include\DUOLEditor\UI\Widgets\Display\Image.h">
      <Filter>헤더 파일</Filter>
    </ClInclude>
    <ClInclude Include="include\DUOLEditor\UI\Widgets\Display\ProgressBar.h">
      <Filter>헤더 파일</Filter>
    </ClInclude>
    <ClInclude Include="include\DUOLEditor\UI\Widgets\Display\Separator.h">
      <Filter>헤더 파일</Filter>
    </ClInclude>
    <ClInclude Include="include\DUOLEditor\UI\AddOns\AddOnBase.h">
      <Filter>헤더 파일</Filter>
    </ClInclude>
    <ClInclude Include="include\DUOLEditor\UI\AddOns\ContextMenu.h">
      <Filter>헤더 파일</Filter>
    </ClInclude>
    <ClInclude Include="include\DUOLEditor\UI\AddOns\DragAndDropSource.h">
      <Filter>헤더 파일</Filter>
    </ClInclude>
    <ClInclude Include="include\DUOLEditor\UI\AddOns\DragAndDropDest.h">
      <Filter>헤더 파일</Filter>
    </ClInclude>
    <ClInclude Include="include\DUOLEditor\UI\AddOns\DataDispatcher.h">
      <Filter>헤더 파일</Filter>
    </ClInclude>
    <ClInclude Include="include\DUOLEditor\UI\AddOns\AddOnable.h">
      <Filter>헤더 파일</Filter>
    </ClInclude>
    <ClInclude Include="include\DUOLEditor\UI\Widgets\Texts\TextClickable.h">
      <Filter>헤더 파일</Filter>
    </ClInclude>
    <ClInclude Include="include\DUOLEditor\UI\Widgets\Texts\TextColored.h">
      <Filter>헤더 파일</Filter>
    </ClInclude>
    <ClInclude Include="include\DUOLEditor\UI\Widgets\Texts\TextDisabled.h">
      <Filter>헤더 파일</Filter>
    </ClInclude>
    <ClInclude Include="include\DUOLEditor\UI\Widgets\Texts\TextLabeled.h">
      <Filter>헤더 파일</Filter>
    </ClInclude>
    <ClInclude Include="include\DUOLEditor\UI\Widgets\Texts\TextSelectable.h">
      <Filter>헤더 파일</Filter>
    </ClInclude>
    <ClInclude Include="include\DUOLEditor\UI\Widgets\Texts\TextWrapped.h">
      <Filter>헤더 파일</Filter>
    </ClInclude>
    <ClInclude Include="include\DUOLEditor\UI\Widgets\Selections\CheckBox.h">
      <Filter>헤더 파일</Filter>
    </ClInclude>
    <ClInclude Include="include\DUOLEditor\UI\Widgets\Selections\ComboBox.h">
      <Filter>헤더 파일</Filter>
    </ClInclude>
    <ClInclude Include="include\DUOLEditor\UI\Widgets\Selections\RadioButton.h">
      <Filter>헤더 파일</Filter>
    </ClInclude>
    <ClInclude Include="include\DUOLEditor\UI\Widgets\Selections\RadioButtonLinker.h">
      <Filter>헤더 파일</Filter>
    </ClInclude>
    <ClInclude Include="include\DUOLEditor\UI\Widgets\Edits\ColorEdit.h">
      <Filter>헤더 파일</Filter>
    </ClInclude>
    <ClInclude Include="include\DUOLEditor\UI\Widgets\Edits\ColorPicker.h">
      <Filter>헤더 파일</Filter>
    </ClInclude>
    <ClInclude Include="include\DUOLEditor\UI\Widgets\Plots\PlotBase.h">
      <Filter>헤더 파일</Filter>
    </ClInclude>
    <ClInclude Include="include\DUOLEditor\UI\Widgets\Plots\PlotLines.h">
      <Filter>헤더 파일</Filter>
    </ClInclude>
    <ClInclude Include="include\DUOLEditor\UI\Widgets\Plots\PlotHistogram.h">
      <Filter>헤더 파일</Filter>
    </ClInclude>
    <ClInclude Include="src\DUOLEditor\UI\Widgets\Plots\PlotHistogram.cpp">
      <Filter>헤더 파일</Filter>
    </ClInclude>
    <ClInclude Include="include\DUOLEditor\UI\Widgets\Menu\MenuItem.h">
      <Filter>헤더 파일</Filter>
    </ClInclude>
    <ClInclude Include="include\DUOLEditor\UI\Widgets\Menu\MenuList.h">
      <Filter>헤더 파일</Filter>
    </ClInclude>
    <ClInclude Include="include\DUOLEditor\UI\Widgets\Layout\Columns.h">
      <Filter>헤더 파일</Filter>
    </ClInclude>
    <ClInclude Include="include\DUOLEditor\UI\Widgets\Layout\Dummy.h">
      <Filter>헤더 파일</Filter>
    </ClInclude>
    <ClInclude Include="include\DUOLEditor\UI\Widgets\Layout\NewLine.h">
      <Filter>헤더 파일</Filter>
    </ClInclude>
    <ClInclude Include="include\DUOLEditor\UI\Widgets\Layout\Spacing.h">
      <Filter>헤더 파일</Filter>
    </ClInclude>
    <ClInclude Include="include\DUOLEditor\UI\Widgets\Layout\TreeNode.h">
      <Filter>헤더 파일</Filter>
    </ClInclude>
    <ClInclude Include="include\DUOLEditor\UI\Widgets\Layout\Container.h">
      <Filter>헤더 파일</Filter>
    </ClInclude>
    <ClInclude Include="include\DUOLEditor\UI\Widgets\Layout\ContainerCollapsable.h">
      <Filter>헤더 파일</Filter>
    </ClInclude>
    <ClInclude Include="include\DUOLEditor\UI\Widgets\InputFields\InputText.h">
      <Filter>헤더 파일</Filter>
    </ClInclude>
    <ClInclude Include="include\DUOLEditor\UI\Widgets\InputFields\InputScalar.h">
      <Filter>헤더 파일</Filter>
    </ClInclude>
    <ClInclude Include="include\DUOLEditor\UI\Widgets\Drags\DragScalar.h">
      <Filter>헤더 파일</Filter>
    </ClInclude>
    <ClInclude Include="include\DUOLEditor\UI\Widgets\Sliders\SliderScalar.h">
      <Filter>헤더 파일</Filter>
    </ClInclude>
    <ClInclude Include="include\DUOLEditor\UI\Panels\PanelTransformableBase.h">
      <Filter>헤더 파일</Filter>
    </ClInclude>
    <ClInclude Include="include\DUOLEditor\UI\Panels\PanelMenuBar.h">
      <Filter>헤더 파일</Filter>
    </ClInclude>
    <ClInclude Include="include\DUOLEditor\UI\Panels\PanelUndecorated.h">
      <Filter>헤더 파일</Filter>
    </ClInclude>
    <ClInclude Include="include\DUOLEditor\UI\Panels\PanelWindow.h">
      <Filter>헤더 파일</Filter>
    </ClInclude>
    <ClInclude Include="include\DUOLEditor\Util\Font.h">
      <Filter>헤더 파일</Filter>
    </ClInclude>
    <ClInclude Include="include\DUOLEditor\Modules\Hierarchy.h">
      <Filter>헤더 파일</Filter>
    </ClInclude>
    <ClInclude Include="include\DUOLEditor\Modules\ViewBase.h">
      <Filter>헤더 파일</Filter>
    </ClInclude>
    <ClInclude Include="include\DUOLEditor\TestScripts\CoroutineLogTest.h">
      <Filter>헤더 파일</Filter>
    </ClInclude>
    <ClInclude Include="include\DUOLEditor\TestScripts\CreateAndDestroyTest.h">
      <Filter>헤더 파일</Filter>
    </ClInclude>
    <ClInclude Include="include\DUOLEditor\TestScripts\EnableTest.h">
      <Filter>헤더 파일</Filter>
    </ClInclude>
    <ClInclude Include="include\DUOLEditor\TestScripts\ModelShooter.h">
      <Filter>헤더 파일</Filter>
    </ClInclude>
    <ClInclude Include="include\DUOLEditor\TestScripts\MoveController.h">
      <Filter>헤더 파일</Filter>
    </ClInclude>
    <ClInclude Include="include\DUOLEditor\TestScripts\PhysicsEventTest.h">
      <Filter>헤더 파일</Filter>
    </ClInclude>
    <ClInclude Include="include\DUOLEditor\TestScenes\CometTestScene.h">
      <Filter>헤더 파일</Filter>
    </ClInclude>
    <ClInclude Include="include\DUOLEditor\Modules\EditorEventManager.h">
      <Filter>헤더 파일</Filter>
    </ClInclude>
    <ClInclude Include="include\DUOLEditor\Modules\HierarchyContextMenu.h">
      <Filter>헤더 파일</Filter>
    </ClInclude>
    <ClInclude Include="include\DUOLEditor\Modules\SceneView.h">
      <Filter>헤더 파일</Filter>
    </ClInclude>
    <ClInclude Include="include\DUOLEditor\Modules\GameView.h">
      <Filter>헤더 파일</Filter>
    </ClInclude>
    <ClInclude Include="include\DUOLEditor\Modules\ControllableViewBase.h">
      <Filter>헤더 파일</Filter>
    </ClInclude>
    <ClInclude Include="include\DUOLEditor\Modules\Inspector.h">
      <Filter>헤더 파일</Filter>
    </ClInclude>
    <ClInclude Include="include\DUOLEditor\Util\EditorSettings.h">
      <Filter>헤더 파일</Filter>
    </ClInclude>
    <ClInclude Include="include\DUOLEditor\UI\Widgets\Layout\SameLine.h">
      <Filter>헤더 파일</Filter>
    </ClInclude>
  </ItemGroup>
  <ItemGroup>
    <ClCompile Include="src\DUOLEditor\Editor.cpp">
      <Filter>소스 파일</Filter>
    </ClCompile>
    <ClCompile Include="src\DUOLEditor\Application.cpp">
      <Filter>소스 파일</Filter>
    </ClCompile>
    <ClCompile Include="Main.cpp">
      <Filter>소스 파일</Filter>
    </ClCompile>
    <ClCompile Include="src\DUOLEditor\UI\GUIManager.cpp">
      <Filter>소스 파일</Filter>
    </ClCompile>
    <ClCompile Include="src\DUOLEditor\UI\Page\Page.cpp">
      <Filter>소스 파일</Filter>
    </ClCompile>
    <ClCompile Include="src\DUOLEditor\UI\Widgets\WidgetBase.cpp">
      <Filter>소스 파일</Filter>
    </ClCompile>
    <ClCompile Include="src\DUOLEditor\UI\Widgets\WidgetGroupBase.cpp">
      <Filter>소스 파일</Filter>
    </ClCompile>
    <ClCompile Include="src\DUOLEditor\UI\Panels\PanelBase.cpp">
      <Filter>소스 파일</Filter>
    </ClCompile>
    <ClCompile Include="src\DUOLEditor\UI\GUIBase.cpp">
      <Filter>소스 파일</Filter>
    </ClCompile>
    <ClCompile Include="src\DUOLEditor\UI\Widgets\Buttons\ButtonBase.cpp">
      <Filter>소스 파일</Filter>
    </ClCompile>
    <ClCompile Include="src\DUOLEditor\UI\Widgets\Buttons\Button.cpp">
      <Filter>소스 파일</Filter>
    </ClCompile>
    <ClCompile Include="src\DUOLEditor\Util\ImGuiHelper.cpp">
      <Filter>소스 파일</Filter>
    </ClCompile>
    <ClCompile Include="src\DUOLEditor\Util\Color.cpp">
      <Filter>소스 파일</Filter>
    </ClCompile>
    <ClCompile Include="src\DUOLEditor\UI\Widgets\Buttons\ButtonArrow.cpp">
      <Filter>소스 파일</Filter>
    </ClCompile>
    <ClCompile Include="src\DUOLEditor\UI\Widgets\Buttons\ButtonImage.cpp">
      <Filter>소스 파일</Filter>
    </ClCompile>
    <ClCompile Include="src\DUOLEditor\UI\Widgets\Buttons\ButtonSmall.cpp">
      <Filter>소스 파일</Filter>
    </ClCompile>
    <ClCompile Include="src\DUOLEditor\UI\Widgets\Buttons\ButtonColored.cpp">
      <Filter>소스 파일</Filter>
    </ClCompile>
    <ClCompile Include="src\DUOLEditor\UI\Widgets\DataWidgetBase.cpp">
      <Filter>소스 파일</Filter>
    </ClCompile>
    <ClCompile Include="src\DUOLEditor\UI\Widgets\Texts\Text.cpp">
      <Filter>소스 파일</Filter>
    </ClCompile>
    <ClCompile Include="src\DUOLEditor\UI\Widgets\Display\Bullet.cpp">
      <Filter>소스 파일</Filter>
    </ClCompile>
    <ClCompile Include="src\DUOLEditor\UI\Widgets\Display\Image.cpp">
      <Filter>소스 파일</Filter>
    </ClCompile>
    <ClCompile Include="src\DUOLEditor\UI\Widgets\Display\ProgressBar.cpp">
      <Filter>소스 파일</Filter>
    </ClCompile>
    <ClCompile Include="src\DUOLEditor\UI\Widgets\Display\Separator.cpp">
      <Filter>소스 파일</Filter>
    </ClCompile>
    <ClCompile Include="src\DUOLEditor\UI\AddOns\AddOnBase.cpp">
      <Filter>소스 파일</Filter>
    </ClCompile>
    <ClCompile Include="src\DUOLEditor\UI\AddOns\ContextMenu.cpp">
      <Filter>소스 파일</Filter>
    </ClCompile>
    <ClCompile Include="src\DUOLEditor\UI\AddOns\DragAndDropSource.cpp">
      <Filter>소스 파일</Filter>
    </ClCompile>
    <ClCompile Include="src\DUOLEditor\UI\AddOns\DragAndDropDest.cpp">
      <Filter>소스 파일</Filter>
    </ClCompile>
    <ClCompile Include="src\DUOLEditor\UI\AddOns\DataDispatcher.cpp">
      <Filter>소스 파일</Filter>
    </ClCompile>
    <ClCompile Include="src\DUOLEditor\UI\AddOns\AddOnable.cpp">
      <Filter>소스 파일</Filter>
    </ClCompile>
    <ClCompile Include="src\DUOLEditor\UI\Widgets\Texts\TextClickable.cpp">
      <Filter>소스 파일</Filter>
    </ClCompile>
    <ClCompile Include="src\DUOLEditor\UI\Widgets\Texts\TextColored.cpp">
      <Filter>소스 파일</Filter>
    </ClCompile>
    <ClCompile Include="src\DUOLEditor\UI\Widgets\Texts\TextDisabled.cpp">
      <Filter>소스 파일</Filter>
    </ClCompile>
    <ClCompile Include="src\DUOLEditor\UI\Widgets\Texts\TextLabeled.cpp">
      <Filter>소스 파일</Filter>
    </ClCompile>
    <ClCompile Include="src\DUOLEditor\UI\Widgets\Texts\TextSelectable.cpp">
      <Filter>소스 파일</Filter>
    </ClCompile>
    <ClCompile Include="src\DUOLEditor\UI\Widgets\Texts\TextWrapped.cpp">
      <Filter>소스 파일</Filter>
    </ClCompile>
    <ClCompile Include="src\DUOLEditor\UI\Widgets\Selections\CheckBox.cpp">
      <Filter>소스 파일</Filter>
    </ClCompile>
    <ClCompile Include="src\DUOLEditor\UI\Widgets\Selections\ComboBox.cpp">
      <Filter>소스 파일</Filter>
    </ClCompile>
    <ClCompile Include="src\DUOLEditor\UI\Widgets\Selections\RadioButton.cpp">
      <Filter>소스 파일</Filter>
    </ClCompile>
    <ClCompile Include="src\DUOLEditor\UI\Widgets\Selections\RadioButtonLinker.cpp">
      <Filter>소스 파일</Filter>
    </ClCompile>
    <ClCompile Include="src\DUOLEditor\UI\Widgets\Edits\ColorEdit.cpp">
      <Filter>소스 파일</Filter>
    </ClCompile>
    <ClCompile Include="src\DUOLEditor\UI\Widgets\Edits\ColorPicker.cpp">
      <Filter>소스 파일</Filter>
    </ClCompile>
    <ClCompile Include="src\DUOLEditor\UI\Widgets\Plots\PlotBase.cpp">
      <Filter>소스 파일</Filter>
    </ClCompile>
    <ClCompile Include="src\DUOLEditor\UI\Widgets\Plots\PlotLines.cpp">
      <Filter>소스 파일</Filter>
    </ClCompile>
    <ClCompile Include="src\DUOLEditor\UI\Widgets\Menu\MenuItem.cpp">
      <Filter>소스 파일</Filter>
    </ClCompile>
    <ClCompile Include="src\DUOLEditor\UI\Widgets\Menu\MenuList.cpp">
      <Filter>소스 파일</Filter>
    </ClCompile>
    <ClCompile Include="src\DUOLEditor\UI\Widgets\Layout\Columns.cpp">
      <Filter>소스 파일</Filter>
    </ClCompile>
    <ClCompile Include="src\DUOLEditor\UI\Widgets\Layout\Dummy.cpp">
      <Filter>소스 파일</Filter>
    </ClCompile>
    <ClCompile Include="src\DUOLEditor\UI\Widgets\Layout\NewLine.cpp">
      <Filter>소스 파일</Filter>
    </ClCompile>
    <ClCompile Include="src\DUOLEditor\UI\Widgets\Layout\Spacing.cpp">
      <Filter>소스 파일</Filter>
    </ClCompile>
    <ClCompile Include="src\DUOLEditor\UI\Widgets\Layout\TreeNode.cpp">
      <Filter>소스 파일</Filter>
    </ClCompile>
    <ClCompile Include="src\DUOLEditor\UI\Widgets\Layout\Container.cpp">
      <Filter>소스 파일</Filter>
    </ClCompile>
    <ClCompile Include="src\DUOLEditor\UI\Widgets\Layout\ContainerCollapsable.cpp">
      <Filter>소스 파일</Filter>
    </ClCompile>
    <ClCompile Include="src\DUOLEditor\UI\Widgets\InputFields\InputText.cpp">
      <Filter>소스 파일</Filter>
    </ClCompile>
    <ClCompile Include="src\DUOLEditor\UI\Widgets\InputFields\InputScalar.cpp">
      <Filter>소스 파일</Filter>
    </ClCompile>
    <ClCompile Include="src\DUOLEditor\UI\Widgets\Drags\DragScalar.cpp">
      <Filter>소스 파일</Filter>
    </ClCompile>
    <ClCompile Include="src\DUOLEditor\UI\Widgets\Sliders\SliderScalar.cpp">
      <Filter>소스 파일</Filter>
    </ClCompile>
    <ClCompile Include="src\DUOLEditor\UI\Panels\PanelTransformableBase.cpp">
      <Filter>소스 파일</Filter>
    </ClCompile>
    <ClCompile Include="src\DUOLEditor\UI\Panels\PanelMenuBar.cpp">
      <Filter>소스 파일</Filter>
    </ClCompile>
    <ClCompile Include="src\DUOLEditor\UI\Panels\PanelUndecorated.cpp">
      <Filter>소스 파일</Filter>
    </ClCompile>
    <ClCompile Include="src\DUOLEditor\UI\Panels\PanelWindow.cpp">
      <Filter>소스 파일</Filter>
    </ClCompile>
    <ClCompile Include="src\DUOLEditor\Util\Font.cpp">
      <Filter>소스 파일</Filter>
    </ClCompile>
    <ClCompile Include="src\DUOLEditor\Modules\Hierarchy.cpp">
      <Filter>소스 파일</Filter>
    </ClCompile>
    <ClCompile Include="src\DUOLEditor\Modules\ViewBase.cpp">
      <Filter>소스 파일</Filter>
    </ClCompile>
    <ClCompile Include="src\DUOLEditor\TestScripts\CoroutineLogTest.cpp">
      <Filter>소스 파일</Filter>
    </ClCompile>
    <ClCompile Include="src\DUOLEditor\TestScripts\CreateAndDestroyTest.cpp">
      <Filter>소스 파일</Filter>
    </ClCompile>
    <ClCompile Include="src\DUOLEditor\TestScripts\EnableTest.cpp">
      <Filter>소스 파일</Filter>
    </ClCompile>
    <ClCompile Include="src\DUOLEditor\TestScripts\ModelShooter.cpp">
      <Filter>소스 파일</Filter>
    </ClCompile>
    <ClCompile Include="src\DUOLEditor\TestScripts\MoveController.cpp">
      <Filter>소스 파일</Filter>
    </ClCompile>
    <ClCompile Include="src\DUOLEditor\TestScripts\PhysicsEventTest.cpp">
      <Filter>소스 파일</Filter>
    </ClCompile>
    <ClCompile Include="src\DUOLEditor\TestScenes\CometTestScene.cpp">
      <Filter>소스 파일</Filter>
    </ClCompile>
    <ClCompile Include="src\DUOLEditor\Modules\EditorEventManager.cpp">
      <Filter>소스 파일</Filter>
    </ClCompile>
    <ClCompile Include="src\DUOLEditor\Modules\HierarchyContextMenu.cpp">
      <Filter>소스 파일</Filter>
    </ClCompile>
    <ClCompile Include="src\DUOLEditor\Modules\SceneView.cpp">
      <Filter>소스 파일</Filter>
    </ClCompile>
    <ClCompile Include="src\DUOLEditor\Modules\GameView.cpp">
      <Filter>소스 파일</Filter>
    </ClCompile>
    <ClCompile Include="src\DUOLEditor\Modules\ControllableViewBase.cpp">
      <Filter>소스 파일</Filter>
    </ClCompile>
    <ClCompile Include="src\DUOLEditor\Modules\Inspector.cpp">
      <Filter>소스 파일</Filter>
    </ClCompile>
    <ClCompile Include="src\DUOLEditor\Util\EditorSettings.cpp">
      <Filter>소스 파일</Filter>
    </ClCompile>
    <ClCompile Include="src\DUOLEditor\UI\Widgets\Layout\SameLine.cpp">
      <Filter>소스 파일</Filter>
    </ClCompile>
  </ItemGroup>
</Project>