<?xml version="1.0" encoding="utf-8"?>
<Project ToolsVersion="4.0" xmlns="http://schemas.microsoft.com/developer/msbuild/2003">
  <ItemGroup>
    <Filter Include="소스 파일">
      <UniqueIdentifier>{4FC737F1-C7A5-4376-A066-2A32D752A2FF}</UniqueIdentifier>
      <Extensions>cpp;c;cc;cxx;c++;cppm;ixx;def;odl;idl;hpj;bat;asm;asmx</Extensions>
    </Filter>
    <Filter Include="헤더 파일">
      <UniqueIdentifier>{93995380-89BD-4b04-88EB-625FBE52EBFB}</UniqueIdentifier>
      <Extensions>h;hh;hpp;hxx;h++;hm;inl;inc;ipp;xsd</Extensions>
    </Filter>
    <Filter Include="리소스 파일">
      <UniqueIdentifier>{67DA6AB6-F800-4c08-8B7A-83BB121AAD01}</UniqueIdentifier>
      <Extensions>rc;ico;cur;bmp;dlg;rc2;rct;bin;rgs;gif;jpg;jpeg;jpe;resx;tiff;tif;png;wav;mfcribbon-ms</Extensions>
    </Filter>
  </ItemGroup>
  <ItemGroup>
    <ClInclude Include="framework.h">
      <Filter>헤더 파일</Filter>
    </ClInclude>
    <ClInclude Include="include\DUOLGraphicsEngine\GraphicsEngine\GraphicsEngine.h">
      <Filter>헤더 파일</Filter>
    </ClInclude>
    <ClInclude Include="src\DUOLGraphicsEngine\ResourceManager\ResourceManager.h">
      <Filter>헤더 파일</Filter>
    </ClInclude>
    <ClInclude Include="include\DUOLGraphicsEngine\GraphicsEngineFlags.h">
      <Filter>헤더 파일</Filter>
    </ClInclude>
    <ClInclude Include="include\DUOLGraphicsEngine\ResourceManager\Resource\Material.h">
      <Filter>헤더 파일</Filter>
    </ClInclude>
    <ClInclude Include="include\DUOLGraphicsEngine\Export.h">
      <Filter>헤더 파일</Filter>
    </ClInclude>
    <ClInclude Include="include\DUOLGraphicsEngine\ResourceManager\Resource\Mesh.h">
      <Filter>헤더 파일</Filter>
    </ClInclude>
    <ClInclude Include="include\DUOLGraphicsEngine\ResourceManager\Resource\Vertex.h">
      <Filter>헤더 파일</Filter>
    </ClInclude>
    <ClInclude Include="src\DUOLGraphicsEngine\RenderManager\RenderManager.h">
      <Filter>헤더 파일</Filter>
    </ClInclude>
    <ClInclude Include="include\DUOLGraphicsEngine\ResourceManager\Resource\RenderConstantBuffer.h">
      <Filter>헤더 파일</Filter>
    </ClInclude>
    <ClInclude Include="include\DUOLGraphicsEngine\ResourceManager\Resource\RenderObject.h">
      <Filter>헤더 파일</Filter>
    </ClInclude>
    <ClInclude Include="src\DUOLGraphicsEngine\RenderManager\RenderingPipeline.h">
      <Filter>헤더 파일</Filter>
    </ClInclude>
    <ClInclude Include="src\DUOLGraphicsEngine\Util\Hash\SpookyV2.h">
      <Filter>헤더 파일</Filter>
    </ClInclude>
    <ClInclude Include="src\DUOLGraphicsEngine\Util\Hash\Hash.h">
      <Filter>헤더 파일</Filter>
    </ClInclude>
    <ClInclude Include="src\DUOLGraphicsEngine\TableLoader\TableLoader.h">
      <Filter>헤더 파일</Filter>
    </ClInclude>
    <ClInclude Include="src\DUOLGraphicsEngine\RenderManager\RenderQueue\RenderQueue.h">
      <Filter>헤더 파일</Filter>
    </ClInclude>
    <ClInclude Include="include\DUOLGraphicsEngine\ResourceManager\Resource\AnimationClip.h">
      <Filter>헤더 파일</Filter>
    </ClInclude>
    <ClInclude Include="include\DUOLGraphicsEngine\ResourceManager\Resource\Particle.h">
      <Filter>헤더 파일</Filter>
    </ClInclude>
    <ClInclude Include="include\DUOLGraphicsEngine\ResourceManager\Resource\ShadowHelper.h">
      <Filter>헤더 파일</Filter>
    </ClInclude>
    <ClInclude Include="include\DUOLGraphicsEngine\GeometryGenerator.h">
      <Filter>헤더 파일</Filter>
    </ClInclude>
    <ClInclude Include="src\DUOLGraphicsEngine\RenderManager\CullingHelper.h">
      <Filter>헤더 파일</Filter>
    </ClInclude>
    <ClInclude Include="include\DUOLGraphicsEngine\ResourceManager\Resource\PerlinNoise.h">
      <Filter>헤더 파일</Filter>
    </ClInclude>
    <ClInclude Include="src\DUOLGraphicsEngine\ResourceManager\Resource\SkyBox.h">
      <Filter>헤더 파일</Filter>
    </ClInclude>
    <ClInclude Include="src\DUOLGraphicsEngine\Util\ByteBuffer.h">
      <Filter>헤더 파일</Filter>
    </ClInclude>
  </ItemGroup>
  <ItemGroup>
    <ClCompile Include="dllmain.cpp">
      <Filter>소스 파일</Filter>
    </ClCompile>
    <ClCompile Include="src\DUOLGraphicsEngine\GraphicsEngine\GraphicsEngine.cpp">
      <Filter>소스 파일</Filter>
    </ClCompile>
    <ClCompile Include="src\DUOLGraphicsEngine\ResourceManager\ResourceManager.cpp">
      <Filter>소스 파일</Filter>
    </ClCompile>
    <ClCompile Include="src\DUOLGraphicsEngine\ResourceManager\Resource\Material.cpp">
      <Filter>소스 파일</Filter>
    </ClCompile>
    <ClCompile Include="src\DUOLGraphicsEngine\ResourceManager\Resource\Mesh.cpp">
      <Filter>소스 파일</Filter>
    </ClCompile>
    <ClCompile Include="src\DUOLGraphicsEngine\RenderManager\RenderManager.cpp">
      <Filter>소스 파일</Filter>
    </ClCompile>
    <ClCompile Include="src\DUOLGraphicsEngine\RenderManager\RenderingPipeline.cpp">
      <Filter>소스 파일</Filter>
    </ClCompile>
    <ClCompile Include="src\DUOLGraphicsEngine\Util\Hash\SpookyV2.cpp">
      <Filter>소스 파일</Filter>
    </ClCompile>
    <ClCompile Include="src\DUOLGraphicsEngine\Util\Hash\Hash.cpp">
      <Filter>소스 파일</Filter>
    </ClCompile>
    <ClCompile Include="src\DUOLGraphicsEngine\TableLoader\TableLoader.cpp">
      <Filter>소스 파일</Filter>
    </ClCompile>
    <ClCompile Include="src\DUOLGraphicsEngine\RenderManager\RenderQueue\RenderQueue.cpp">
      <Filter>소스 파일</Filter>
    </ClCompile>
    <ClCompile Include="src\DUOLGraphicsEngine\ResourceManager\Resource\RenderObject.cpp">
      <Filter>소스 파일</Filter>
    </ClCompile>
    <ClCompile Include="src\DUOLGraphicsEngine\ResourceManager\Resource\AnimationClip.cpp">
      <Filter>소스 파일</Filter>
    </ClCompile>
    <ClCompile Include="src\DUOLGraphicsEngine\ResourceManager\Resource\ShadowHelper.cpp">
      <Filter>소스 파일</Filter>
    </ClCompile>
    <ClCompile Include="src\DUOLGraphicsEngine\RenderManager\CullingHelper.cpp">
      <Filter>소스 파일</Filter>
    </ClCompile>
    <ClCompile Include="src\DUOLGraphicsEngine\ResourceManager\Resource\SkyBox.cpp">
      <Filter>소스 파일</Filter>
    </ClCompile>
    <ClCompile Include="src\DUOLGraphicsEngine\Util\ByteBuffer.cpp">
      <Filter>소스 파일</Filter>
    </ClCompile>
  </ItemGroup>
</Project>