<?xml version="1.0" encoding="utf-8"?>
<Project ToolsVersion="4.0" xmlns="http://schemas.microsoft.com/developer/msbuild/2003">
  <ItemGroup>
    <ClCompile Include="src\DUOLGameEngine\Manager\GraphicsManager.cpp" />
    <ClCompile Include="src\DUOLGameEngine\Manager\InputManager.cpp" />
    <ClCompile Include="src\Engine.cpp" />
    <ClCompile Include="src\DUOLGameEngine\StateMachine\BehaviorTree\BehaviorTree.cpp" />
    <ClCompile Include="src\DUOLGameEngine\StateMachine\BehaviorTree\Nodes\DecoratorNode.cpp" />
    <ClCompile Include="src\DUOLGameEngine\StateMachine\BehaviorTree\Nodes\ControlNode.cpp" />
    <ClCompile Include="src\DUOLGameEngine\ECS\Component\ColliderBase.cpp" />
    <ClCompile Include="src\DUOLGameEngine\ECS\Component\MonoBehaviourBase.cpp" />
    <ClCompile Include="src\DUOLGameEngine\ECS\Component\BehaviourBase.cpp" />
    <ClCompile Include="src\DUOLGameEngine\ECS\Component\ObjectBase.cpp" />
    <ClCompile Include="src\DUOLGameEngine\ECS\GameObject.cpp" />
    <ClCompile Include="src\DUOLGameEngine\ECS\Component\ComponentBase.cpp" />
    <ClCompile Include="src\DUOLGameEngine\ECS\Component\Transform.cpp" />
    <ClCompile Include="src\DUOLGameEngine\StateMachine\BehaviorTree\Nodes\TreeNode.cpp" />
    <ClCompile Include="src\DUOLGameEngine\StateMachine\BehaviorTree\SubTree.cpp" />
    <ClCompile Include="src\DUOLGameEngine\Util\UUID.cpp" />
    <ClCompile Include="src\DUOLGameEngine\Manager\TimeManager.cpp" />
    <ClCompile Include="src\DUOLGameEngine\StateMachine\BehaviorTree\Nodes\ConditionNode.cpp" />
    <ClCompile Include="src\DUOLGameEngine\StateMachine\BehaviorTree\Nodes\SelectorNode.cpp" />
    <ClCompile Include="src\DUOLGameEngine\StateMachine\BehaviorTree\Nodes\SequenceNode.cpp" />
    <ClCompile Include="src\DUOLGameEngine\StateMachine\BehaviorTree\Nodes\ActionNode.cpp" />
    <ClCompile Include="src\DUOLGameEngine\StateMachine\BehaviorTree\Nodes\NodeBase.cpp" />
    <ClCompile Include="src\DUOLGameEngine\StateMachine\BehaviorTree\Nodes\InverterNode.cpp" />
    <ClCompile Include="src\DUOLGameEngine\StateMachine\BehaviorTree\Nodes\AlwaysSuccessNode.cpp" />
    <ClCompile Include="src\DUOLGameEngine\StateMachine\BehaviorTree\Nodes\AlwaysFailureNode.cpp" />
    <ClCompile Include="src\DUOLGameEngine\StateMachine\BehaviorTree\Nodes\RepeatNode.cpp" />
    <ClCompile Include="src\DUOLGameEngine\StateMachine\BehaviorTree\Nodes\RetryNode.cpp" />
    <ClCompile Include="src\DUOLGameEngine\StateMachine\BehaviorTree\BlackBoard.cpp" />
  </ItemGroup>
  <ItemGroup>
    <ClInclude Include="include\DUOLGameEngine\Manager\GraphicsManager.h" />
    <ClInclude Include="include\DUOLGameEngine\Engine.h" />
    <ClInclude Include="include\DUOLGameEngine\Manager\InputManager.h" />
    <ClInclude Include="include\DUOLGameEngine\StateMachine\BehaviorTree\BehaviorTree.h" />
    <ClInclude Include="include\DUOLGameEngine\StateMachine\BehaviorTree\Nodes\DecoratorNode.h" />
    <ClInclude Include="include\DUOLGameEngine\StateMachine\BehaviorTree\Nodes\ControlNode.h" />
    <ClInclude Include="include\DUOLGameEngine\ECS\Component\ColliderBase.h" />
    <ClInclude Include="include\DUOLGameEngine\ECS\Component\BehaviourBase.h" />
    <ClInclude Include="include\DUOLGameEngine\Util\Constants.h" />
    <ClInclude Include="include\DUOLGameEngine\ECS\GameObject.h" />
    <ClInclude Include="include\DUOLGameEngine\ECS\Component\ComponentBase.h" />
    <ClInclude Include="include\DUOLGameEngine\API\ISerializable.h" />
    <ClInclude Include="include\DUOLGameEngine\ECS\Component\ObjectBase.h" />
    <ClInclude Include="include\DUOLGameEngine\ECS\Component\MonoBehaviourBase.h" />
    <ClInclude Include="include\DUOLGameEngine\Util\Defines.h" />
    <ClInclude Include="include\DUOLGameEngine\Util\StringHelper.h" />
    <ClInclude Include="include\DUOLGameEngine\ECS\Component\Transform.h" />
    <ClInclude Include="include\DUOLGameEngine\StateMachine\BehaviorTree\Nodes\TreeNode.h" />
    <ClInclude Include="include\DUOLGameEngine\StateMachine\BehaviorTree\SubTree.h" />
    <ClInclude Include="include\DUOLGameEngine\Util\UUID.h" />
    <ClInclude Include="include\DUOLGameEngine\Manager\TimeManager.h" />
    <ClInclude Include="include\DUOLGameEngine\StateMachine\BehaviorTree\Nodes\ConditionNode.h" />
    <ClInclude Include="include\DUOLGameEngine\StateMachine\BehaviorTree\Nodes\ActionNode.h" />
    <ClInclude Include="include\DUOLGameEngine\Event\EventSystem.h" />
    <ClInclude Include="include\DUOLGameEngine\Event\Functor.h" />
    <ClInclude Include="include\DUOLGameEngine\StateMachine\BehaviorTree\Nodes\NodeInfo.h" />
    <ClInclude Include="include\DUOLGameEngine\StateMachine\BehaviorTree\Nodes\NodeBase.h" />
    <ClInclude Include="include\DUOLGameEngine\StateMachine\BehaviorTree\Nodes\SelectorNode.h" />
    <ClInclude Include="include\DUOLGameEngine\StateMachine\BehaviorTree\Nodes\SequenceNode.h" />
    <ClInclude Include="include\DUOLGameEngine\StateMachine\BehaviorTree\Nodes\InverterNode.h" />
    <ClInclude Include="include\DUOLGameEngine\StateMachine\BehaviorTree\Nodes\AlwaysSuccessNode.h" />
    <ClInclude Include="include\DUOLGameEngine\StateMachine\BehaviorTree\Nodes\AlwaysFailureNode.h" />
    <ClInclude Include="include\DUOLGameEngine\StateMachine\BehaviorTree\Nodes\RepeatNode.h" />
    <ClInclude Include="include\DUOLGameEngine\StateMachine\BehaviorTree\Nodes\RetryNode.h" />
    <ClInclude Include="include\DUOLGameEngine\StateMachine\BehaviorTree\BlackBoard.h" />
  </ItemGroup>
</Project>