<?xml version="1.0" encoding="utf-8"?>
<Project ToolsVersion="4.0" xmlns="http://schemas.microsoft.com/developer/msbuild/2003">
  <ItemGroup>
    <Filter Include="소스 파일">
      <UniqueIdentifier>{4FC737F1-C7A5-4376-A066-2A32D752A2FF}</UniqueIdentifier>
      <Extensions>cpp;c;cc;cxx;c++;cppm;ixx;def;odl;idl;hpj;bat;asm;asmx</Extensions>
    </Filter>
    <Filter Include="헤더 파일">
      <UniqueIdentifier>{93995380-89BD-4b04-88EB-625FBE52EBFB}</UniqueIdentifier>
      <Extensions>h;hh;hpp;hxx;h++;hm;inl;inc;ipp;xsd</Extensions>
    </Filter>
    <Filter Include="리소스 파일">
      <UniqueIdentifier>{67DA6AB6-F800-4c08-8B7A-83BB121AAD01}</UniqueIdentifier>
      <Extensions>rc;ico;cur;bmp;dlg;rc2;rct;bin;rgs;gif;jpg;jpeg;jpe;resx;tiff;tif;png;wav;mfcribbon-ms</Extensions>
    </Filter>
  </ItemGroup>
  <ItemGroup>
    <ClCompile Include="dllmain.cpp">
      <Filter>소스 파일</Filter>
    </ClCompile>
    <ClCompile Include="src\DUOLClient\ECS\Component\AI_Enemy.cpp">
      <Filter>소스 파일</Filter>
    </ClCompile>
    <ClCompile Include="src\DUOLClient\ECS\Component\CoroutineLogTest.cpp">
      <Filter>소스 파일</Filter>
    </ClCompile>
    <ClCompile Include="src\DUOLClient\ECS\Component\CreateAndDestroyTest.cpp">
      <Filter>소스 파일</Filter>
    </ClCompile>
    <ClCompile Include="src\DUOLClient\ECS\Component\EnableTest.cpp">
      <Filter>소스 파일</Filter>
    </ClCompile>
    <ClCompile Include="src\DUOLClient\ECS\Component\ModelShooter.cpp">
      <Filter>소스 파일</Filter>
    </ClCompile>
    <ClCompile Include="src\DUOLClient\ECS\Component\MoveController.cpp">
      <Filter>소스 파일</Filter>
    </ClCompile>
    <ClCompile Include="src\DUOLClient\ECS\Component\NavMeshTest.cpp">
      <Filter>소스 파일</Filter>
    </ClCompile>
    <ClCompile Include="src\DUOLClient\ECS\Component\PhysicsEventTest.cpp">
      <Filter>소스 파일</Filter>
    </ClCompile>
    <ClCompile Include="src\DUOLClient\ECS\Component\PlayerCameraController.cpp">
      <Filter>소스 파일</Filter>
    </ClCompile>
    <ClCompile Include="src\DUOLClient\ECS\Component\PlayerController.cpp">
      <Filter>소스 파일</Filter>
    </ClCompile>
    <ClCompile Include="src\DUOLClient\ECS\Component\ThirdPersonCamera.cpp">
      <Filter>소스 파일</Filter>
    </ClCompile>
    <ClCompile Include="src\DUOLClient\ECS\Component\RotateAroundOrigin.cpp">
      <Filter>소스 파일</Filter>
    </ClCompile>
    <ClCompile Include="src\DUOLClient\ECS\Component\MateraiController.cpp">
      <Filter>소스 파일</Filter>
    </ClCompile>
    <ClCompile Include="src\DUOLClient\ECS\Component\DebugUI.cpp">
      <Filter>소스 파일</Filter>
    </ClCompile>
    <ClCompile Include="src\DUOLClient\BehaviorTreeNode\Condition\Condition_IsLookTarget.cpp">
      <Filter>소스 파일</Filter>
    </ClCompile>
    <ClCompile Include="src\DUOLClient\BehaviorTreeNode\Condition\Condition_IsInAttackRange.cpp">
      <Filter>소스 파일</Filter>
    </ClCompile>
    <ClCompile Include="src\DUOLClient\BehaviorTreeNode\Condition\Condition_IsGroupCheck.cpp">
      <Filter>소스 파일</Filter>
    </ClCompile>
    <ClCompile Include="src\DUOLClient\DUOLClient_Initializer.cpp">
      <Filter>소스 파일</Filter>
    </ClCompile>
    <ClCompile Include="src\DUOLClient\ECS\Component\EnemyGroupController.cpp">
      <Filter>소스 파일</Filter>
    </ClCompile>
    <ClCompile Include="src\DUOLClient\BehaviorTreeNode\Action\Action_UseTokenAttack.cpp">
      <Filter>소스 파일</Filter>
    </ClCompile>
    <ClCompile Include="src\DUOLClient\BehaviorTreeNode\Condition\Condition_HasToken.cpp">
      <Filter>소스 파일</Filter>
    </ClCompile>
    <ClCompile Include="src\DUOLClient\BehaviorTreeNode\Action\Action_AroundPatrol.cpp">
      <Filter>소스 파일</Filter>
    </ClCompile>
    <ClCompile Include="src\DUOLClient\BehaviorTreeNode\Condition\Condition_IsClose.cpp">
      <Filter>소스 파일</Filter>
    </ClCompile>
    <ClCompile Include="src\DUOLClient\Util\TransformController.cpp">
      <Filter>소스 파일</Filter>
    </ClCompile>
  </ItemGroup>
  <ItemGroup>
    <ClInclude Include="include\DUOLClient\Export_Client.h">
      <Filter>헤더 파일</Filter>
    </ClInclude>
    <ClInclude Include="include\DUOLClient\ECS\Component\AI_Enemy.h">
      <Filter>헤더 파일</Filter>
    </ClInclude>
    <ClInclude Include="include\DUOLClient\ECS\Component\CoroutineLogTest.h">
      <Filter>헤더 파일</Filter>
    </ClInclude>
    <ClInclude Include="include\DUOLClient\ECS\Component\CreateAndDestroyTest.h">
      <Filter>헤더 파일</Filter>
    </ClInclude>
    <ClInclude Include="include\DUOLClient\ECS\Component\EnableTest.h">
      <Filter>헤더 파일</Filter>
    </ClInclude>
    <ClInclude Include="include\DUOLClient\ECS\Component\ModelShooter.h">
      <Filter>헤더 파일</Filter>
    </ClInclude>
    <ClInclude Include="include\DUOLClient\ECS\Component\MoveController.h">
      <Filter>헤더 파일</Filter>
    </ClInclude>
    <ClInclude Include="include\DUOLClient\ECS\Component\NavMeshTest.h">
      <Filter>헤더 파일</Filter>
    </ClInclude>
    <ClInclude Include="include\DUOLClient\ECS\Component\PhysicsEventTest.h">
      <Filter>헤더 파일</Filter>
    </ClInclude>
    <ClInclude Include="include\DUOLClient\ECS\Component\PlayerCameraController.h">
      <Filter>헤더 파일</Filter>
    </ClInclude>
    <ClInclude Include="include\DUOLClient\ECS\Component\PlayerController.h">
      <Filter>헤더 파일</Filter>
    </ClInclude>
    <ClInclude Include="include\DUOLClient\ECS\Component\ThirdPersonCamera.h">
      <Filter>헤더 파일</Filter>
    </ClInclude>
    <ClInclude Include="include\DUOLClient\ECS\Component\RotateAroundOrigin.h">
      <Filter>헤더 파일</Filter>
    </ClInclude>
    <ClInclude Include="include\DUOLClient\ECS\Component\MateraiController.h">
      <Filter>헤더 파일</Filter>
    </ClInclude>
    <ClInclude Include="include\DUOLClient\ECS\Component\DebugUI.h">
      <Filter>헤더 파일</Filter>
    </ClInclude>
    <ClInclude Include="include\DUOLClient\BehaviorTreeNode\Condition\Condition_IsLookTarget.h">
      <Filter>헤더 파일</Filter>
    </ClInclude>
    <ClInclude Include="include\DUOLClient\BehaviorTreeNode\Condition\Condition_IsInAttackRange.h">
      <Filter>헤더 파일</Filter>
    </ClInclude>
    <ClInclude Include="include\DUOLClient\BehaviorTreeNode\Condition\Condition_IsGroupCheck.h">
      <Filter>헤더 파일</Filter>
    </ClInclude>
    <ClInclude Include="include\DUOLClient\DUOLClient_Initializer.h">
      <Filter>헤더 파일</Filter>
    </ClInclude>
    <ClInclude Include="include\DUOLClient\ECS\Component\EnemyGroupController.h">
      <Filter>헤더 파일</Filter>
    </ClInclude>
    <ClInclude Include="include\DUOLClient\BehaviorTreeNode\Action\Action_UseTokenAttack.h">
      <Filter>헤더 파일</Filter>
    </ClInclude>
    <ClInclude Include="include\DUOLClient\BehaviorTreeNode\Condition\Condition_HasToken.h">
      <Filter>헤더 파일</Filter>
    </ClInclude>
    <ClInclude Include="include\DUOLClient\BehaviorTreeNode\Action\Action_AroundPatrol.h">
      <Filter>헤더 파일</Filter>
    </ClInclude>
    <ClInclude Include="include\DUOLClient\BehaviorTreeNode\Condition\Condition_IsClose.h">
      <Filter>헤더 파일</Filter>
    </ClInclude>
    <ClInclude Include="include\DUOLClient\Util\TransformController.h">
      <Filter>헤더 파일</Filter>
    </ClInclude>
  </ItemGroup>
</Project>