<?xml version="1.0" encoding="utf-8"?>
<Project ToolsVersion="4.0" xmlns="http://schemas.microsoft.com/developer/msbuild/2003">
  <ItemGroup>
    <ClCompile Include="src\DUOLClient\Manager\EnemyManager.cpp" />
    <ClCompile Include="src\DUOLClient\ECS\Component\ParticleData.cpp" />
    <ClCompile Include="src\DUOLClient\Manager\ParticleManager.cpp" />
    <ClCompile Include="src\DUOLClient\BehaviorTreeNode\Action\Action_BoidsMoveTo.cpp" />
    <ClCompile Include="src\DUOLClient\ECS\Component\CharacterBase.cpp" />
    <ClCompile Include="src\DUOLClient\ECS\Component\Enemy\Enemy.cpp" />
    <ClCompile Include="src\DUOLClient\BehaviorTreeNode\Condition\Condition_CurrentAnimStateCheck.cpp" />
    <ClCompile Include="src\DUOLClient\Player\FSM\PlayerState_Interaction.cpp" />
    <ClCompile Include="src\DUOLClient\Player\FSM\PlayerState_Transcendence.cpp" />
    <ClCompile Include="src\DUOLClient\Player\FSM\PlayerState_Hit.cpp" />
    <ClCompile Include="src\DUOLClient\Player\FSM\PlayerState_Run.cpp" />
    <ClCompile Include="src\DUOLClient\Player\FSM\PlayerState_Die.cpp" />
    <ClCompile Include="src\DUOLClient\Player\FSM\PlayerState_Dash.cpp" />
    <ClCompile Include="src\DUOLClient\BehaviorTreeNode\Action\Action_Die.cpp" />
    <ClCompile Include="src\DUOLClient\BehaviorTreeNode\Action\Action_Hit.cpp" />
    <ClCompile Include="src\DUOLClient\BehaviorTreeNode\Condition\Condition_AnimPlayCheck.cpp" />
    <ClCompile Include="src\DUOLClient\ECS\Component\TestParticle.cpp" />
    <ClCompile Include="src\DUOLClient\Player\FSM\PlayerStateBase.cpp" />
    <ClCompile Include="src\DUOLClient\Player\FSM\PlayerState_Attack.cpp" />
    <ClCompile Include="src\DUOLClient\Player\FSM\PlayerState_Idle.cpp" />
    <ClCompile Include="src\DUOLClient\Player\FSM\PlayerState_Move.cpp" />
    <ClCompile Include="src\DUOLClient\Player\Player.cpp" />
    <ClCompile Include="src\DUOLClient\Camera\MainCameraController.cpp" />
    <ClCompile Include="src\DUOLClient\BehaviorTreeNode\Condition\Condition_IsClose.cpp" />
    <ClCompile Include="src\DUOLClient\BehaviorTreeNode\Action\Action_AroundPatrol.cpp" />
    <ClCompile Include="src\DUOLClient\BehaviorTreeNode\Condition\Condition_HasToken.cpp" />
    <ClCompile Include="src\DUOLClient\BehaviorTreeNode\Action\Action_UseTokenAttack.cpp" />
    <ClCompile Include="src\DUOLClient\ECS\Component\Enemy\EnemyGroupController.cpp" />
    <ClCompile Include="src\DUOLClient\DUOLClient_Initializer.cpp" />
    <ClCompile Include="src\DUOLClient\BehaviorTreeNode\Condition\Condition_IsGroupCheck.cpp" />
    <ClCompile Include="src\DUOLClient\BehaviorTreeNode\Condition\Condition_IsInAttackRange.cpp" />
    <ClCompile Include="src\DUOLClient\BehaviorTreeNode\Condition\Condition_IsLookTarget.cpp" />
    <ClCompile Include="dllmain.cpp" />
    <ClCompile Include="src\DUOLClient\ECS\Component\Enemy\AI_EnemyBasic.cpp" />
    <ClCompile Include="src\DUOLClient\ECS\Component\CoroutineLogTest.cpp" />
    <ClCompile Include="src\DUOLClient\ECS\Component\CreateAndDestroyTest.cpp" />
    <ClCompile Include="src\DUOLClient\ECS\Component\DebugUI.cpp" />
    <ClCompile Include="src\DUOLClient\ECS\Component\EnableTest.cpp" />
    <ClCompile Include="src\DUOLClient\ECS\Component\MateraiController.cpp" />
    <ClCompile Include="src\DUOLClient\ECS\Component\ModelShooter.cpp" />
    <ClCompile Include="src\DUOLClient\ECS\Component\MoveController.cpp" />
    <ClCompile Include="src\DUOLClient\ECS\Component\NavMeshTest.cpp" />
    <ClCompile Include="src\DUOLClient\ECS\Component\PhysicsEventTest.cpp" />
    <ClCompile Include="src\DUOLClient\ECS\Component\PlayerCameraController.cpp" />
    <ClCompile Include="src\DUOLClient\ECS\Component\RotateAroundOrigin.cpp" />
    <ClCompile Include="src\DUOLClient\ECS\Component\ThirdPersonCamera.cpp" />
    <ClCompile Include="src\DUOLClient\Player\Weapon_Sword.cpp" />
    <ClCompile Include="src\DUOLClient\Util\EventListenerIDHolder.cpp" />
    <ClCompile Include="src\DUOLClient\Util\TransformController.cpp" />
    <ClCompile Include="src\DUOLClient\ECS\Component\Projectile.cpp" />
    <ClCompile Include="src\DUOLClient\Player\FSM\PlayerState_Down.cpp" />
    <ClCompile Include="src\DUOLClient\Util\BinaryTree.cpp" />
    <ClCompile Include="src\DUOLClient\ECS\Component\Enemy\EnemySpawnTrigger.cpp" />
    <ClCompile Include="src\DUOLClient\Player\Weapon_Wave.cpp" />
    <ClCompile Include="src\DUOLClient\ECS\Component\Enemy\EnemyParentObjectObserver.cpp" />
    <ClCompile Include="src\DUOLClient\ECS\Component\Enemy\EnemyAirborneCheck.cpp" />
    <ClCompile Include="src\DUOLClient\BehaviorTreeNode\Condition\Condition_IsAirborne.cpp" />
    <ClCompile Include="src\DUOLClient\BehaviorTreeNode\Action\Action_NavMeshAgentOn_RigidbodyOff.cpp" />
    <ClCompile Include="src\DUOLClient\Player\FSM\PlayerState_Overdrive.cpp" />
    <ClCompile Include="src\DUOLClient\Player\Weapon_AreaWave.cpp" />
    <ClCompile Include="src\DUOLClient\Manager\GameManager.cpp" />
    <ClCompile Include="src\DUOLClient\BehaviorTreeNode\Condition\Condition_IsChaseRange.cpp" />
    <ClCompile Include="src\DUOLClient\BehaviorTreeNode\Condition\Condition_IsInPatrolRange.cpp" />
    <ClCompile Include="src\DUOLClient\BehaviorTreeNode\Condition\Condition_IsSuperArmor.cpp" />
    <ClCompile Include="src\DUOLClient\BehaviorTreeNode\Action\Action_SuperArmorUpdate.cpp" />
    <ClCompile Include="src\DUOLClient\BehaviorTreeNode\Action\Action_EliteMonsterNormalOrHeavyAttack.cpp" />
    <ClCompile Include="src\DUOLClient\BehaviorTreeNode\Action\Action_EliteEnemyRandomPattern.cpp" />
    <ClCompile Include="src\DUOLClient\BehaviorTreeNode\Action\Action_RushPattern.cpp" />
    <ClCompile Include="src\DUOLClient\ECS\Component\Map\Portal.cpp" />
    <ClCompile Include="src\DUOLClient\ECS\Component\Map\FadeInOut.cpp" />
    <ClCompile Include="src\DUOLClient\BehaviorTreeNode\Condition\Condition_IsTargetDie.cpp" />
    <ClCompile Include="src\DUOLClient\ECS\Component\InGameUI.cpp" />
    <ClCompile Include="src\DUOLClient\BehaviorTreeNode\Action\Action_SetNavOnRigidbodyOff.cpp" />
    <ClCompile Include="src\DUOLClient\Manager\EnemyAudioManager.cpp" />
    <ClCompile Include="src\DUOLClient\ECS\Component\Contents\DominationArea.cpp" />
    <ClCompile Include="src\DUOLClient\BehaviorTreeNode\Action\Action_BossEnemyRandomPattern.cpp" />
    <ClCompile Include="src\DUOLClient\ECS\Component\Enemy\BossEnemy_Weapon_Sword.cpp" />
  </ItemGroup>
  <ItemGroup>
    <ClInclude Include="include\DUOLClient\ECS\Component\Enemy\EnemyData.h" />
    <ClInclude Include="include\DUOLClient\Manager\EnemyManager.h" />
    <ClInclude Include="include\DUOLClient\BehaviorTreeNode\Action\Action_BoidsMoveTo.h" />
    <ClInclude Include="include\DUOLClient\ECS\Component\Enemy\Enemy.h" />
    <ClInclude Include="include\DUOLClient\ECS\Component\CharacterBase.h" />
    <ClInclude Include="include\DUOLClient\Util\EventListenerIDHolder.h" />
    <ClInclude Include="include\DUOLClient\BehaviorTreeNode\Action\Action_Die.h" />
    <ClInclude Include="include\DUOLClient\BehaviorTreeNode\Action\Action_Hit.h" />
    <ClInclude Include="include\DUOLClient\BehaviorTreeNode\Condition\Condition_AnimPlayCheck.h" />
    <ClInclude Include="include\DUOLClient\BehaviorTreeNode\Condition\Condition_CurrentAnimStateCheck.h" />
    <ClInclude Include="include\DUOLClient\BehaviorTreeNode\Condition\Condition_IsClose.h" />
    <ClInclude Include="include\DUOLClient\BehaviorTreeNode\Action\Action_AroundPatrol.h" />
    <ClInclude Include="include\DUOLClient\BehaviorTreeNode\Condition\Condition_HasToken.h" />
    <ClInclude Include="include\DUOLClient\BehaviorTreeNode\Action\Action_UseTokenAttack.h" />
    <ClInclude Include="include\DUOLClient\ECS\Component\Enemy\EnemyGroupController.h" />
    <ClInclude Include="include\DUOLClient\DUOLClient_Initializer.h" />
    <ClInclude Include="include\DUOLClient\BehaviorTreeNode\Condition\Condition_IsGroupCheck.h" />
    <ClInclude Include="include\DUOLClient\BehaviorTreeNode\Condition\Condition_IsInAttackRange.h" />
    <ClInclude Include="include\DUOLClient\BehaviorTreeNode\Condition\Condition_IsLookTarget.h" />
    <ClInclude Include="include\DUOLClient\ECS\Component\DebugUI.h" />
    <ClInclude Include="include\DUOLClient\ECS\Component\MateraiController.h" />
    <ClInclude Include="include\DUOLClient\ECS\Component\RotateAroundOrigin.h" />
    <ClInclude Include="include\DUOLClient\ECS\Component\TestParticle.h" />
    <ClInclude Include="include\DUOLClient\ECS\Component\ThirdPersonCamera.h" />
    <ClInclude Include="include\DUOLClient\Export_Client.h" />
    <ClInclude Include="include\DUOLClient\ECS\Component\Enemy\AI_EnemyBasic.h" />
    <ClInclude Include="include\DUOLClient\ECS\Component\CoroutineLogTest.h" />
    <ClInclude Include="include\DUOLClient\ECS\Component\CreateAndDestroyTest.h" />
    <ClInclude Include="include\DUOLClient\ECS\Component\EnableTest.h" />
    <ClInclude Include="include\DUOLClient\ECS\Component\ModelShooter.h" />
    <ClInclude Include="include\DUOLClient\ECS\Component\MoveController.h" />
    <ClInclude Include="include\DUOLClient\ECS\Component\NavMeshTest.h" />
    <ClInclude Include="include\DUOLClient\ECS\Component\PhysicsEventTest.h" />
    <ClInclude Include="include\DUOLClient\ECS\Component\PlayerCameraController.h" />
    <ClInclude Include="include\DUOLClient\Player\Weapon_Sword.h" />
    <ClInclude Include="include\DUOLClient\Util\TransformController.h" />
    <ClInclude Include="include\DUOLClient\Camera\MainCameraController.h" />
    <ClInclude Include="include\DUOLClient\Player\Player.h" />
    <ClInclude Include="include\DUOLClient\Player\FSM\PlayerState_Idle.h" />
    <ClInclude Include="include\DUOLClient\Player\FSM\PlayerState_Move.h" />
    <ClInclude Include="include\DUOLClient\Player\FSM\PlayerStateBase.h" />
    <ClInclude Include="include\DUOLClient\Player\FSM\PlayerState_Attack.h" />
    <ClInclude Include="include\DUOLClient\Player\FSM\PlayerState_Dash.h" />
    <ClInclude Include="include\DUOLClient\Player\FSM\PlayerState_Die.h" />
    <ClInclude Include="include\DUOLClient\Player\FSM\PlayerState_Run.h" />
    <ClInclude Include="include\DUOLClient\Player\FSM\PlayerState_Hit.h" />
    <ClInclude Include="include\DUOLClient\Player\FSM\PlayerState_Transcendence.h" />
    <ClInclude Include="include\DUOLClient\Player\FSM\PlayerState_Interaction.h" />
    <ClInclude Include="include\DUOLClient\Manager\ParticleManager.h" />
    <ClInclude Include="include\DUOLClient\ECS\Component\ParticleData.h" />
    <ClInclude Include="include\DUOLClient\ECS\Component\Enemy\EnemyAttacks.h" />
    <ClInclude Include="include\DUOLClient\ECS\Component\Projectile.h" />
    <ClInclude Include="include\DUOLClient\Player\FSM\PlayerState_Down.h" />
    <ClInclude Include="include\DUOLClient\Util\BinaryTree.h" />
    <ClInclude Include="include\DUOLClient\ECS\Component\Enemy\EnemySpawnTrigger.h" />
    <ClInclude Include="include\DUOLClient\Player\Weapon_Wave.h" />
    <ClInclude Include="include\DUOLClient\ECS\Component\Enemy\EnemyParentObjectObserver.h" />
    <ClInclude Include="include\DUOLClient\ECS\Component\Enemy\EnemyAirborneCheck.h" />
    <ClInclude Include="include\DUOLClient\BehaviorTreeNode\Condition\Condition_IsAirborne.h" />
    <ClInclude Include="include\DUOLClient\BehaviorTreeNode\Action\Action_NavMeshAgentOn_RigidbodyOff.h" />
    <ClInclude Include="include\DUOLClient\Player\FSM\PlayerState_Overdrive.h" />
    <ClInclude Include="include\DUOLClient\Player\Weapon_AreaWave.h" />
    <ClInclude Include="include\DUOLClient\Manager\GameManager.h" />
    <ClInclude Include="include\DUOLClient\BehaviorTreeNode\Condition\Condition_IsChaseRange.h" />
    <ClInclude Include="include\DUOLClient\BehaviorTreeNode\Condition\Condition_IsInPatrolRange.h" />
    <ClInclude Include="include\DUOLClient\ECS\Component\Enemy\EnemyHits.h" />
    <ClInclude Include="include\DUOLClient\ECS\Component\Enemy\EnemyEventFunctions.h" />
    <ClInclude Include="include\DUOLClient\BehaviorTreeNode\Condition\Condition_IsSuperArmor.h" />
    <ClInclude Include="include\DUOLClient\BehaviorTreeNode\Action\Action_SuperArmorUpdate.h" />
    <ClInclude Include="include\DUOLClient\BehaviorTreeNode\Action\Action_EliteMonsterNormalOrHeavyAttack.h" />
    <ClInclude Include="include\DUOLClient\BehaviorTreeNode\Action\Action_EliteEnemyRandomPattern.h" />
    <ClInclude Include="include\DUOLClient\BehaviorTreeNode\Action\Action_RushPattern.h" />
    <ClInclude Include="include\DUOLClient\ECS\Component\Map\Portal.h" />
    <ClInclude Include="include\DUOLClient\ECS\Component\Map\FadeInOut.h" />
    <ClInclude Include="include\DUOLClient\BehaviorTreeNode\Condition\Condition_IsTargetDie.h" />
    <ClInclude Include="include\DUOLClient\ECS\Component\InGameUI.h" />
    <ClInclude Include="include\DUOLClient\BehaviorTreeNode\Action\Action_SetNavOnRigidbodyOff.h" />
    <ClInclude Include="include\DUOLClient\Manager\EnemyAudioManager.h" />
    <ClInclude Include="include\DUOLClient\Manager\UIDataManager.h" />
    <ClInclude Include="include\DUOLClient\ECS\Component\Contents\DominationArea.h" />
    <ClInclude Include="include\DUOLClient\BehaviorTreeNode\Action\Action_BossEnemyRandomPattern.h" />
    <ClInclude Include="include\DUOLClient\ECS\Component\Enemy\BossEnemy_Weapon_Sword.h" />
  </ItemGroup>
</Project>