<?xml version="1.0" encoding="utf-8"?>
<Project ToolsVersion="4.0" xmlns="http://schemas.microsoft.com/developer/msbuild/2003">
  <ItemGroup>
    <Filter Include="DX11Engine">
      <UniqueIdentifier>{67DA6AB6-F800-4c08-8B7A-83BB121AAD01}</UniqueIdentifier>
      <Extensions>rc;ico;cur;bmp;dlg;rc2;rct;bin;rgs;gif;jpg;jpeg;jpe;resx;tiff;tif;png;wav;mfcribbon-ms</Extensions>
    </Filter>
    <Filter Include="PCH">
      <UniqueIdentifier>{93995380-89BD-4b04-88EB-625FBE52EBFB}</UniqueIdentifier>
      <Extensions>h;hh;hpp;hxx;h++;hm;inl;inc;ipp;xsd</Extensions>
    </Filter>
    <Filter Include="DllMain">
      <UniqueIdentifier>{4FC737F1-C7A5-4376-A066-2A32D752A2FF}</UniqueIdentifier>
      <Extensions>cpp;c;cc;cxx;c++;cppm;ixx;def;odl;idl;hpj;bat;asm;asmx</Extensions>
    </Filter>
    <Filter Include="Resource">
      <UniqueIdentifier>{fdf411aa-9bf7-49ee-af30-cd3c0d3c0139}</UniqueIdentifier>
    </Filter>
    <Filter Include="Resource\ResourceManager">
      <UniqueIdentifier>{2845eb18-4f1c-42f4-88b8-d8564d604b70}</UniqueIdentifier>
    </Filter>
    <Filter Include="Shader">
      <UniqueIdentifier>{cd0bd6b4-636b-4dee-b0e5-394ecd1624fe}</UniqueIdentifier>
    </Filter>
    <Filter Include="Resource\DDSTextureLoader">
      <UniqueIdentifier>{b3509647-7566-4c20-8ee0-174083e98a07}</UniqueIdentifier>
    </Filter>
    <Filter Include="DX11Engine\Device">
      <UniqueIdentifier>{c3398bb6-8598-4121-adb1-511b845235fc}</UniqueIdentifier>
    </Filter>
    <Filter Include="DX11Engine\RenderTarget">
      <UniqueIdentifier>{2b77e5d4-3110-44f4-bd87-c5b57c737d79}</UniqueIdentifier>
    </Filter>
    <Filter Include="DX11Engine\RenderTexture">
      <UniqueIdentifier>{b6782f70-1872-4d8c-8751-74a56b2da7dd}</UniqueIdentifier>
    </Filter>
    <Filter Include="DX11Engine\DepthStencil">
      <UniqueIdentifier>{091b1909-997d-4333-9799-d2f9d744ec1d}</UniqueIdentifier>
    </Filter>
    <Filter Include="DX11Engine\DepthStencil\Depth">
      <UniqueIdentifier>{9ff7060b-b6a9-4c7b-ad26-ebe7b932225b}</UniqueIdentifier>
    </Filter>
    <Filter Include="DX11Engine\DepthStencil\Stencil">
      <UniqueIdentifier>{10dd66ec-d531-49d6-af27-7d0b44ae0cfd}</UniqueIdentifier>
    </Filter>
    <Filter Include="Export">
      <UniqueIdentifier>{868e3c2e-57a7-4f02-b01e-93921f1ff4e9}</UniqueIdentifier>
    </Filter>
    <Filter Include="Export\IGraphicsEngine">
      <UniqueIdentifier>{8a7ce942-146f-477f-b8e3-6f7bef18685b}</UniqueIdentifier>
    </Filter>
    <Filter Include="Export\RenderingData">
      <UniqueIdentifier>{4ea7fe87-61c2-4e5b-b786-b2031bebc46b}</UniqueIdentifier>
    </Filter>
    <Filter Include="Resource\ResourceManager\Factory">
      <UniqueIdentifier>{9819a1d7-d908-430b-9186-a94644c882d7}</UniqueIdentifier>
    </Filter>
    <Filter Include="Resource\ResourceManager\Resource">
      <UniqueIdentifier>{51d21406-05d2-4667-8258-9fdf83ffd784}</UniqueIdentifier>
    </Filter>
    <Filter Include="DX11Engine\RasterizerState">
      <UniqueIdentifier>{57d1a8da-df90-4615-8e3d-a06016d8386b}</UniqueIdentifier>
    </Filter>
    <Filter Include="DX11Engine\Renderer">
      <UniqueIdentifier>{72049485-7223-46b6-b580-9eb8085b096a}</UniqueIdentifier>
    </Filter>
    <Filter Include="DX11Engine\Pass">
      <UniqueIdentifier>{8332d861-62cb-4dfb-898d-002e1c381edf}</UniqueIdentifier>
    </Filter>
    <Filter Include="PCH\utill">
      <UniqueIdentifier>{f0989ae2-b95d-4b1b-bdfd-f0d82000ce18}</UniqueIdentifier>
    </Filter>
    <Filter Include="Shader\HLSL">
      <UniqueIdentifier>{884f88dd-8528-4807-8f01-0b4990271c61}</UniqueIdentifier>
    </Filter>
    <Filter Include="DX11Engine\Pass\PassBase">
      <UniqueIdentifier>{b6d41997-8c0e-4812-8c23-8f4e6a848b5e}</UniqueIdentifier>
    </Filter>
    <Filter Include="DX11Engine\Pass\DeferredPass">
      <UniqueIdentifier>{561b3753-3723-42cb-8b41-9cc35ba122c6}</UniqueIdentifier>
    </Filter>
  </ItemGroup>
  <ItemGroup>
    <ClInclude Include="framework.h">
      <Filter>PCH</Filter>
    </ClInclude>
    <ClInclude Include="pch.h">
      <Filter>PCH</Filter>
    </ClInclude>
    <ClInclude Include="IGraphicsEngine.h">
      <Filter>Export\IGraphicsEngine</Filter>
    </ClInclude>
    <ClInclude Include="DDSTextureLoader.h">
      <Filter>Resource\DDSTextureLoader</Filter>
    </ClInclude>
    <ClInclude Include="ResourceManager.h">
      <Filter>Resource\ResourceManager</Filter>
    </ClInclude>
    <ClInclude Include="Factory.h">
      <Filter>Resource\ResourceManager\Factory</Filter>
    </ClInclude>
    <ClInclude Include="RasterizerState.h">
      <Filter>DX11Engine\RasterizerState</Filter>
    </ClInclude>
    <ClInclude Include="Device.h">
      <Filter>DX11Engine\Device</Filter>
    </ClInclude>
    <ClInclude Include="DXEngine.h">
      <Filter>DX11Engine</Filter>
    </ClInclude>
    <ClInclude Include="RenderTarget.h">
      <Filter>DX11Engine\RenderTarget</Filter>
    </ClInclude>
    <ClInclude Include="RenderTexture.h">
      <Filter>DX11Engine\RenderTexture</Filter>
    </ClInclude>
    <ClInclude Include="DepthStencil.h">
      <Filter>DX11Engine\DepthStencil\Stencil</Filter>
    </ClInclude>
    <ClInclude Include="Depth.h">
      <Filter>DX11Engine\DepthStencil\Depth</Filter>
    </ClInclude>
    <ClInclude Include="RenderingData.h">
      <Filter>Export\RenderingData</Filter>
    </ClInclude>
    <ClInclude Include="VBIBMesh.h">
      <Filter>Resource\ResourceManager\Resource</Filter>
    </ClInclude>
    <ClInclude Include="Renderer.h">
      <Filter>DX11Engine\Renderer</Filter>
    </ClInclude>
    <ClInclude Include="WirePass.h">
      <Filter>DX11Engine\Pass</Filter>
    </ClInclude>
    <ClInclude Include="BasicPass.h">
      <Filter>DX11Engine\Pass</Filter>
    </ClInclude>
    <ClInclude Include="BasicParticlePass.h">
      <Filter>DX11Engine\Pass</Filter>
    </ClInclude>
    <ClInclude Include="ParticleMesh.h">
      <Filter>Resource\ResourceManager\Resource</Filter>
    </ClInclude>
    <ClInclude Include="d3dUtil.h">
      <Filter>PCH\utill</Filter>
    </ClInclude>
    <ClInclude Include="..\Library\inc\SimpleMath.h">
      <Filter>PCH\utill</Filter>
    </ClInclude>
    <ClInclude Include="Typedef.h">
      <Filter>PCH\utill</Filter>
    </ClInclude>
    <ClInclude Include="geometrygenerator.h">
      <Filter>PCH\utill</Filter>
    </ClInclude>
    <ClInclude Include="VertexDesc.h">
      <Filter>PCH\utill</Filter>
    </ClInclude>
    <ClInclude Include="PassBase.h">
      <Filter>DX11Engine\Pass\PassBase</Filter>
    </ClInclude>
    <ClInclude Include="TextureRenderPass.h">
      <Filter>DX11Engine\Pass\DeferredPass</Filter>
    </ClInclude>
    <ClInclude Include="PostProcessingPass.h">
      <Filter>DX11Engine\Pass\DeferredPass</Filter>
    </ClInclude>
    <ClInclude Include="DeferredRenderPass.h">
      <Filter>DX11Engine\Pass\DeferredPass</Filter>
    </ClInclude>
  </ItemGroup>
  <ItemGroup>
    <ClCompile Include="dllmain.cpp">
      <Filter>DllMain</Filter>
    </ClCompile>
    <ClCompile Include="pch.cpp">
      <Filter>PCH</Filter>
    </ClCompile>
    <ClCompile Include="IGraphicsEngine.cpp">
      <Filter>Export\IGraphicsEngine</Filter>
    </ClCompile>
    <ClCompile Include="DDSTextureLoader.cpp">
      <Filter>Resource\DDSTextureLoader</Filter>
    </ClCompile>
    <ClCompile Include="ResourceManager.cpp">
      <Filter>Resource\ResourceManager</Filter>
    </ClCompile>
    <ClCompile Include="Factory.cpp">
      <Filter>Resource\ResourceManager\Factory</Filter>
    </ClCompile>
    <ClCompile Include="RasterizerState.cpp">
      <Filter>DX11Engine\RasterizerState</Filter>
    </ClCompile>
    <ClCompile Include="Device.cpp">
      <Filter>DX11Engine\Device</Filter>
    </ClCompile>
    <ClCompile Include="DXEngine.cpp">
      <Filter>DX11Engine</Filter>
    </ClCompile>
    <ClCompile Include="RenderTarget.cpp">
      <Filter>DX11Engine\RenderTarget</Filter>
    </ClCompile>
    <ClCompile Include="RenderTexture.cpp">
      <Filter>DX11Engine\RenderTexture</Filter>
    </ClCompile>
    <ClCompile Include="DepthStencil.cpp">
      <Filter>DX11Engine\DepthStencil\Stencil</Filter>
    </ClCompile>
    <ClCompile Include="Depth.cpp">
      <Filter>DX11Engine\DepthStencil\Depth</Filter>
    </ClCompile>
    <ClCompile Include="RenderingData.cpp">
      <Filter>Export\RenderingData</Filter>
    </ClCompile>
    <ClCompile Include="VBIBMesh.cpp">
      <Filter>Resource\ResourceManager\Resource</Filter>
    </ClCompile>
    <ClCompile Include="Renderer.cpp">
      <Filter>DX11Engine\Renderer</Filter>
    </ClCompile>
    <ClCompile Include="BasicPass.cpp">
      <Filter>DX11Engine\Pass</Filter>
    </ClCompile>
    <ClCompile Include="BasicParticlePass.cpp">
      <Filter>DX11Engine\Pass</Filter>
    </ClCompile>
    <ClCompile Include="ParticleMesh.cpp">
      <Filter>Resource\ResourceManager\Resource</Filter>
    </ClCompile>
    <ClCompile Include="d3dUtil.cpp">
      <Filter>PCH\utill</Filter>
    </ClCompile>
    <ClCompile Include="..\Library\inc\SimpleMath.cpp">
      <Filter>PCH\utill</Filter>
    </ClCompile>
    <ClCompile Include="GeometryGenerator.cpp">
      <Filter>PCH\utill</Filter>
    </ClCompile>
    <ClCompile Include="WirePass.cpp">
      <Filter>DX11Engine\Pass</Filter>
    </ClCompile>
    <ClCompile Include="PassBase.cpp">
      <Filter>DX11Engine\Pass\PassBase</Filter>
    </ClCompile>
    <ClCompile Include="TextureRenderPass.cpp">
      <Filter>DX11Engine\Pass\DeferredPass</Filter>
    </ClCompile>
    <ClCompile Include="PostProcessingPass.cpp">
      <Filter>DX11Engine\Pass\DeferredPass</Filter>
    </ClCompile>
    <ClCompile Include="DeferredRenderPass.cpp">
      <Filter>DX11Engine\Pass\DeferredPass</Filter>
    </ClCompile>
  </ItemGroup>
  <ItemGroup>
    <FxCompile Include="Shader\FX\color.fx">
      <Filter>Shader</Filter>
    </FxCompile>
    <FxCompile Include="Shader\FX\Light.fx">
      <Filter>Shader</Filter>
    </FxCompile>
    <FxCompile Include="Shader\FX\LightHelper.fx">
      <Filter>Shader</Filter>
    </FxCompile>
    <FxCompile Include="Shader\FX\RenderTexture.fx">
      <Filter>Shader</Filter>
    </FxCompile>
    <FxCompile Include="Shader\FX\Shadow.fx">
      <Filter>Shader</Filter>
    </FxCompile>
    <FxCompile Include="Shader\FX\Sky.fx">
      <Filter>Shader</Filter>
    </FxCompile>
    <FxCompile Include="Shader\FX\wire.fx">
      <Filter>Shader</Filter>
    </FxCompile>
    <FxCompile Include="Shader\FX\BasicParticle.fx">
      <Filter>Shader</Filter>
    </FxCompile>
    <FxCompile Include="..\EffectToolDemo\Shader\BaiscLight_VS.hlsl">
      <Filter>Shader\HLSL</Filter>
    </FxCompile>
    <FxCompile Include="..\EffectToolDemo\Shader\BasicLight_PS.hlsl">
      <Filter>Shader\HLSL</Filter>
    </FxCompile>
    <FxCompile Include="..\EffectToolDemo\Shader\Wire_PS.hlsl">
      <Filter>Shader\HLSL</Filter>
    </FxCompile>
    <FxCompile Include="..\EffectToolDemo\Shader\Wire_VS.hlsl">
      <Filter>Shader\HLSL</Filter>
    </FxCompile>
  </ItemGroup>
  <ItemGroup>
    <None Include="..\Library\inc\SimpleMath.inl">
      <Filter>PCH\utill</Filter>
    </None>
    <None Include="..\EffectToolDemo\Shader\ConstantBuffer.hlsli">
      <Filter>Shader\HLSL</Filter>
    </None>
    <None Include="..\EffectToolDemo\Shader\DeferredRendering.hlsli">
      <Filter>Shader\HLSL</Filter>
    </None>
    <None Include="..\EffectToolDemo\Shader\LightHelper.hlsli">
      <Filter>Shader\HLSL</Filter>
    </None>
  </ItemGroup>
</Project>