<?xml version="1.0" encoding="utf-8"?>
<Project ToolsVersion="4.0" xmlns="http://schemas.microsoft.com/developer/msbuild/2003">
  <ItemGroup>
    <Filter Include="소스 파일">
      <UniqueIdentifier>{4FC737F1-C7A5-4376-A066-2A32D752A2FF}</UniqueIdentifier>
      <Extensions>cpp;c;cc;cxx;c++;cppm;ixx;def;odl;idl;hpj;bat;asm;asmx</Extensions>
    </Filter>
    <Filter Include="헤더 파일">
      <UniqueIdentifier>{93995380-89BD-4b04-88EB-625FBE52EBFB}</UniqueIdentifier>
      <Extensions>h;hh;hpp;hxx;h++;hm;inl;inc;ipp;xsd</Extensions>
    </Filter>
    <Filter Include="리소스 파일">
      <UniqueIdentifier>{67DA6AB6-F800-4c08-8B7A-83BB121AAD01}</UniqueIdentifier>
      <Extensions>rc;ico;cur;bmp;dlg;rc2;rct;bin;rgs;gif;jpg;jpeg;jpe;resx;tiff;tif;png;wav;mfcribbon-ms</Extensions>
    </Filter>
  </ItemGroup>
  <ItemGroup>
    <ClCompile Include="src\controls\fallback_node.cpp">
      <Filter>소스 파일</Filter>
    </ClCompile>
    <ClCompile Include="src\controls\if_then_else_node.cpp">
      <Filter>소스 파일</Filter>
    </ClCompile>
    <ClCompile Include="src\controls\parallel_node.cpp">
      <Filter>소스 파일</Filter>
    </ClCompile>
    <ClCompile Include="src\controls\reactive_fallback.cpp">
      <Filter>소스 파일</Filter>
    </ClCompile>
    <ClCompile Include="src\controls\reactive_sequence.cpp">
      <Filter>소스 파일</Filter>
    </ClCompile>
    <ClCompile Include="src\controls\sequence_node.cpp">
      <Filter>소스 파일</Filter>
    </ClCompile>
    <ClCompile Include="src\controls\sequence_star_node.cpp">
      <Filter>소스 파일</Filter>
    </ClCompile>
    <ClCompile Include="src\controls\switch_node.cpp">
      <Filter>소스 파일</Filter>
    </ClCompile>
    <ClCompile Include="src\controls\while_do_else_node.cpp">
      <Filter>소스 파일</Filter>
    </ClCompile>
    <ClCompile Include="src\decorators\delay_node.cpp">
      <Filter>소스 파일</Filter>
    </ClCompile>
    <ClCompile Include="src\decorators\inverter_node.cpp">
      <Filter>소스 파일</Filter>
    </ClCompile>
    <ClCompile Include="src\decorators\repeat_node.cpp">
      <Filter>소스 파일</Filter>
    </ClCompile>
    <ClCompile Include="src\decorators\retry_node.cpp">
      <Filter>소스 파일</Filter>
    </ClCompile>
    <ClCompile Include="src\decorators\subtree_node.cpp">
      <Filter>소스 파일</Filter>
    </ClCompile>
    <ClCompile Include="src\action_node.cpp">
      <Filter>소스 파일</Filter>
    </ClCompile>
    <ClCompile Include="src\basic_types.cpp">
      <Filter>소스 파일</Filter>
    </ClCompile>
    <ClCompile Include="src\behavior_tree.cpp">
      <Filter>소스 파일</Filter>
    </ClCompile>
    <ClCompile Include="src\blackboard.cpp">
      <Filter>소스 파일</Filter>
    </ClCompile>
    <ClCompile Include="src\bt_factory.cpp">
      <Filter>소스 파일</Filter>
    </ClCompile>
    <ClCompile Include="src\condition_node.cpp">
      <Filter>소스 파일</Filter>
    </ClCompile>
    <ClCompile Include="src\control_node.cpp">
      <Filter>소스 파일</Filter>
    </ClCompile>
    <ClCompile Include="src\decorator_node.cpp">
      <Filter>소스 파일</Filter>
    </ClCompile>
    <ClCompile Include="src\script_parser.cpp">
      <Filter>소스 파일</Filter>
    </ClCompile>
    <ClCompile Include="src\shared_library.cpp">
      <Filter>소스 파일</Filter>
    </ClCompile>
    <ClCompile Include="src\shared_library_WIN.cpp">
      <Filter>소스 파일</Filter>
    </ClCompile>
    <ClCompile Include="src\tree_node.cpp">
      <Filter>소스 파일</Filter>
    </ClCompile>
    <ClCompile Include="src\xml_parsing.cpp">
      <Filter>소스 파일</Filter>
    </ClCompile>
    <ClCompile Include="src\loggers\bt_cout_logger.cpp">
      <Filter>소스 파일</Filter>
    </ClCompile>
    <ClCompile Include="src\loggers\bt_file_logger.cpp">
      <Filter>소스 파일</Filter>
    </ClCompile>
    <ClCompile Include="src\loggers\bt_minitrace_logger.cpp">
      <Filter>소스 파일</Filter>
    </ClCompile>
    <ClCompile Include="include\3rdparty\tinyxml2\tinyxml2.cpp">
      <Filter>소스 파일</Filter>
    </ClCompile>
    <ClCompile Include="include\3rdparty\minitrace\minitrace.cpp">
      <Filter>소스 파일</Filter>
    </ClCompile>
  </ItemGroup>
</Project>