<?xml version="1.0" encoding="utf-8"?>
<Project ToolsVersion="4.0" xmlns="http://schemas.microsoft.com/developer/msbuild/2003">
  <ItemGroup>
    <ClInclude Include="include\DUOLPhysics\PhysX\characterkinematic\PxBoxController.h" />
    <ClInclude Include="include\DUOLPhysics\PhysX\characterkinematic\PxCapsuleController.h" />
    <ClInclude Include="include\DUOLPhysics\PhysX\characterkinematic\PxController.h" />
    <ClInclude Include="include\DUOLPhysics\PhysX\characterkinematic\PxControllerBehavior.h" />
    <ClInclude Include="include\DUOLPhysics\PhysX\characterkinematic\PxControllerManager.h" />
    <ClInclude Include="include\DUOLPhysics\PhysX\characterkinematic\PxControllerObstacles.h" />
    <ClInclude Include="include\DUOLPhysics\PhysX\characterkinematic\PxExtended.h" />
    <ClInclude Include="include\DUOLPhysics\PhysX\collision\PxCollisionDefs.h" />
    <ClInclude Include="include\DUOLPhysics\PhysX\common\windows\PxWindowsDelayLoadHook.h" />
    <ClInclude Include="include\DUOLPhysics\PhysX\common\PxBase.h" />
    <ClInclude Include="include\DUOLPhysics\PhysX\common\PxCollection.h" />
    <ClInclude Include="include\DUOLPhysics\PhysX\common\PxCoreUtilityTypes.h" />
    <ClInclude Include="include\DUOLPhysics\PhysX\common\PxMetaData.h" />
    <ClInclude Include="include\DUOLPhysics\PhysX\common\PxMetaDataFlags.h" />
    <ClInclude Include="include\DUOLPhysics\PhysX\common\PxPhysicsInsertionCallback.h" />
    <ClInclude Include="include\DUOLPhysics\PhysX\common\PxPhysXCommonConfig.h" />
    <ClInclude Include="include\DUOLPhysics\PhysX\common\PxProfileZone.h" />
    <ClInclude Include="include\DUOLPhysics\PhysX\common\PxRenderBuffer.h" />
    <ClInclude Include="include\DUOLPhysics\PhysX\common\PxSerialFramework.h" />
    <ClInclude Include="include\DUOLPhysics\PhysX\common\PxSerializer.h" />
    <ClInclude Include="include\DUOLPhysics\PhysX\common\PxStringTable.h" />
    <ClInclude Include="include\DUOLPhysics\PhysX\common\PxTolerancesScale.h" />
    <ClInclude Include="include\DUOLPhysics\PhysX\common\PxTypeInfo.h" />
    <ClInclude Include="include\DUOLPhysics\PhysX\cooking\PxBVH33MidphaseDesc.h" />
    <ClInclude Include="include\DUOLPhysics\PhysX\cooking\PxBVH34MidphaseDesc.h" />
    <ClInclude Include="include\DUOLPhysics\PhysX\cooking\PxBVHStructureDesc.h" />
    <ClInclude Include="include\DUOLPhysics\PhysX\cooking\Pxc.h" />
    <ClInclude Include="include\DUOLPhysics\PhysX\cooking\PxConvexMeshDesc.h" />
    <ClInclude Include="include\DUOLPhysics\PhysX\cooking\PxCooking.h" />
    <ClInclude Include="include\DUOLPhysics\PhysX\cooking\PxMidphaseDesc.h" />
    <ClInclude Include="include\DUOLPhysics\PhysX\cooking\PxTriangleMeshDesc.h" />
    <ClInclude Include="include\DUOLPhysics\PhysX\cudamanager\PxCudaContextManager.h" />
    <ClInclude Include="include\DUOLPhysics\PhysX\cudamanager\PxCudaMemoryManager.h" />
    <ClInclude Include="include\DUOLPhysics\PhysX\extensions\PxBinaryConverter.h" />
    <ClInclude Include="include\DUOLPhysics\PhysX\extensions\PxBroadPhaseExt.h" />
    <ClInclude Include="include\DUOLPhysics\PhysX\extensions\PxCollectionExt.h" />
    <ClInclude Include="include\DUOLPhysics\PhysX\extensions\PxConstraintExt.h" />
    <ClInclude Include="include\DUOLPhysics\PhysX\extensions\PxContactJoint.h" />
    <ClInclude Include="include\DUOLPhysics\PhysX\extensions\PxConvexMeshExt.h" />
    <ClInclude Include="include\DUOLPhysics\PhysX\extensions\PxD6Joint.h" />
    <ClInclude Include="include\DUOLPhysics\PhysX\extensions\PxD6JointCreate.h" />
    <ClInclude Include="include\DUOLPhysics\PhysX\extensions\PxDefaultAllocator.h" />
    <ClInclude Include="include\DUOLPhysics\PhysX\extensions\PxDefaultCpuDispatcher.h" />
    <ClInclude Include="include\DUOLPhysics\PhysX\extensions\PxDefaultErrorCallback.h" />
    <ClInclude Include="include\DUOLPhysics\PhysX\extensions\PxDefaultSimulationFilterShader.h" />
    <ClInclude Include="include\DUOLPhysics\PhysX\extensions\PxDefaultStreams.h" />
    <ClInclude Include="include\DUOLPhysics\PhysX\extensions\PxDistanceJoint.h" />
    <ClInclude Include="include\DUOLPhysics\PhysX\extensions\PxExtensionsAPI.h" />
    <ClInclude Include="include\DUOLPhysics\PhysX\extensions\PxFixedJoint.h" />
    <ClInclude Include="include\DUOLPhysics\PhysX\extensions\PxJoint.h" />
    <ClInclude Include="include\DUOLPhysics\PhysX\extensions\PxJointLimit.h" />
    <ClInclude Include="include\DUOLPhysics\PhysX\extensions\PxMassProperties.h" />
    <ClInclude Include="include\DUOLPhysics\PhysX\extensions\PxPrismaticJoint.h" />
    <ClInclude Include="include\DUOLPhysics\PhysX\extensions\PxRaycastCCD.h" />
    <ClInclude Include="include\DUOLPhysics\PhysX\extensions\PxRepXSerializer.h" />
    <ClInclude Include="include\DUOLPhysics\PhysX\extensions\PxRepXSimpleType.h" />
    <ClInclude Include="include\DUOLPhysics\PhysX\extensions\PxRevoluteJoint.h" />
    <ClInclude Include="include\DUOLPhysics\PhysX\extensions\PxRigidActorExt.h" />
    <ClInclude Include="include\DUOLPhysics\PhysX\extensions\PxRigidBodyExt.h" />
    <ClInclude Include="include\DUOLPhysics\PhysX\extensions\PxSceneQueryExt.h" />
    <ClInclude Include="include\DUOLPhysics\PhysX\extensions\PxSerialization.h" />
    <ClInclude Include="include\DUOLPhysics\PhysX\extensions\PxShapeExt.h" />
    <ClInclude Include="include\DUOLPhysics\PhysX\extensions\PxSimpleFactory.h" />
    <ClInclude Include="include\DUOLPhysics\PhysX\extensions\PxSmoothNormals.h" />
    <ClInclude Include="include\DUOLPhysics\PhysX\extensions\PxSphericalJoint.h" />
    <ClInclude Include="include\DUOLPhysics\PhysX\extensions\PxStringTableExt.h" />
    <ClInclude Include="include\DUOLPhysics\PhysX\extensions\PxTriangleMeshExt.h" />
    <ClInclude Include="include\DUOLPhysics\PhysX\filebuf\PxFileBuf.h" />
    <ClInclude Include="include\DUOLPhysics\PhysX\foundation\PxAssert.h" />
    <ClInclude Include="include\DUOLPhysics\PhysX\foundation\PxFoundationConfig.h" />
    <ClInclude Include="include\DUOLPhysics\PhysX\foundation\PxMathUtils.h" />
    <ClInclude Include="include\DUOLPhysics\PhysX\geometry\PxBoxGeometry.h" />
    <ClInclude Include="include\DUOLPhysics\PhysX\geometry\PxBVHStructure.h" />
    <ClInclude Include="include\DUOLPhysics\PhysX\geometry\PxCapsuleGeometry.h" />
    <ClInclude Include="include\DUOLPhysics\PhysX\geometry\PxConvexMesh.h" />
    <ClInclude Include="include\DUOLPhysics\PhysX\geometry\PxConvexMeshGeometry.h" />
    <ClInclude Include="include\DUOLPhysics\PhysX\geometry\PxGeometry.h" />
    <ClInclude Include="include\DUOLPhysics\PhysX\geometry\PxGeometryHelpers.h" />
    <ClInclude Include="include\DUOLPhysics\PhysX\geometry\PxGeometryQuery.h" />
    <ClInclude Include="include\DUOLPhysics\PhysX\geometry\PxHeightField.h" />
    <ClInclude Include="include\DUOLPhysics\PhysX\geometry\PxHeightFieldDesc.h" />
    <ClInclude Include="include\DUOLPhysics\PhysX\geometry\PxHeightFieldFlag.h" />
    <ClInclude Include="include\DUOLPhysics\PhysX\geometry\PxHeightFieldGeometry.h" />
    <ClInclude Include="include\DUOLPhysics\PhysX\geometry\PxHeightFieldSample.h" />
    <ClInclude Include="include\DUOLPhysics\PhysX\geometry\PxMeshQuery.h" />
    <ClInclude Include="include\DUOLPhysics\PhysX\geometry\PxMeshScale.h" />
    <ClInclude Include="include\DUOLPhysics\PhysX\geometry\PxPlaneGeometry.h" />
    <ClInclude Include="include\DUOLPhysics\PhysX\geometry\PxSimpleTriangleMesh.h" />
    <ClInclude Include="include\DUOLPhysics\PhysX\geometry\PxSphereGeometry.h" />
    <ClInclude Include="include\DUOLPhysics\PhysX\geometry\PxTriangle.h" />
    <ClInclude Include="include\DUOLPhysics\PhysX\geometry\PxTriangleMesh.h" />
    <ClInclude Include="include\DUOLPhysics\PhysX\geometry\PxTriangleMeshGeometry.h" />
    <ClInclude Include="include\DUOLPhysics\PhysX\geomutils\GuContactBuffer.h" />
    <ClInclude Include="include\DUOLPhysics\PhysX\geomutils\GuContactPoint.h" />
    <ClInclude Include="include\DUOLPhysics\PhysX\gpu\PxGpu.h" />
    <ClInclude Include="include\DUOLPhysics\PhysX\pvd\PxPvd.h" />
    <ClInclude Include="include\DUOLPhysics\PhysX\pvd\PxPvdSceneClient.h" />
    <ClInclude Include="include\DUOLPhysics\PhysX\pvd\PxPvdTransport.h" />
    <ClInclude Include="include\DUOLPhysics\PhysX\solver\PxSolverDefs.h" />
    <ClInclude Include="include\DUOLPhysics\PhysX\task\PxCpuDispatcher.h" />
    <ClInclude Include="include\DUOLPhysics\PhysX\task\PxTask.h" />
    <ClInclude Include="include\DUOLPhysics\PhysX\task\PxTaskDefine.h" />
    <ClInclude Include="include\DUOLPhysics\PhysX\task\PxTaskManager.h" />
    <ClInclude Include="include\DUOLPhysics\PhysX\vehicle\PxVehicleComponents.h" />
    <ClInclude Include="include\DUOLPhysics\PhysX\vehicle\PxVehicleDrive.h" />
    <ClInclude Include="include\DUOLPhysics\PhysX\vehicle\PxVehicleDrive4W.h" />
    <ClInclude Include="include\DUOLPhysics\PhysX\vehicle\PxVehicleDriveNW.h" />
    <ClInclude Include="include\DUOLPhysics\PhysX\vehicle\PxVehicleDriveTank.h" />
    <ClInclude Include="include\DUOLPhysics\PhysX\vehicle\PxVehicleNoDrive.h" />
    <ClInclude Include="include\DUOLPhysics\PhysX\vehicle\PxVehicleSDK.h" />
    <ClInclude Include="include\DUOLPhysics\PhysX\vehicle\PxVehicleShaders.h" />
    <ClInclude Include="include\DUOLPhysics\PhysX\vehicle\PxVehicleTireFriction.h" />
    <ClInclude Include="include\DUOLPhysics\PhysX\vehicle\PxVehicleUpdate.h" />
    <ClInclude Include="include\DUOLPhysics\PhysX\vehicle\PxVehicleUtil.h" />
    <ClInclude Include="include\DUOLPhysics\PhysX\vehicle\PxVehicleUtilControl.h" />
    <ClInclude Include="include\DUOLPhysics\PhysX\vehicle\PxVehicleUtilSetup.h" />
    <ClInclude Include="include\DUOLPhysics\PhysX\vehicle\PxVehicleUtilTelemetry.h" />
    <ClInclude Include="include\DUOLPhysics\PhysX\vehicle\PxVehicleWheels.h" />
    <ClInclude Include="include\DUOLPhysics\PhysicsSystem.h" />
    <ClInclude Include="include\DUOLPhysics\PhysX\foundation\unix\PxUnixIntrinsics.h" />
    <ClInclude Include="include\DUOLPhysics\PhysX\foundation\windows\PxWindowsIntrinsics.h" />
    <ClInclude Include="include\DUOLPhysics\PhysX\foundation\Px.h" />
    <ClInclude Include="include\DUOLPhysics\PhysX\foundation\PxBitAndData.h" />
    <ClInclude Include="include\DUOLPhysics\PhysX\foundation\PxBounds3.h" />
    <ClInclude Include="include\DUOLPhysics\PhysX\foundation\PxErrorCallback.h" />
    <ClInclude Include="include\DUOLPhysics\PhysX\foundation\PxErrors.h" />
    <ClInclude Include="include\DUOLPhysics\PhysX\foundation\PxFlags.h" />
    <ClInclude Include="include\DUOLPhysics\PhysX\foundation\PxIntrinsics.h" />
    <ClInclude Include="include\DUOLPhysics\PhysX\foundation\PxIO.h" />
    <ClInclude Include="include\DUOLPhysics\PhysX\foundation\PxMat33.h" />
    <ClInclude Include="include\DUOLPhysics\PhysX\foundation\PxMat44.h" />
    <ClInclude Include="include\DUOLPhysics\PhysX\foundation\PxMath.h" />
    <ClInclude Include="include\DUOLPhysics\PhysX\foundation\PxMemory.h" />
    <ClInclude Include="include\DUOLPhysics\PhysX\foundation\PxPlane.h" />
    <ClInclude Include="include\DUOLPhysics\PhysX\foundation\PxPreprocessor.h" />
    <ClInclude Include="include\DUOLPhysics\PhysX\foundation\PxProfiler.h" />
    <ClInclude Include="include\DUOLPhysics\PhysX\foundation\PxQuat.h" />
    <ClInclude Include="include\DUOLPhysics\PhysX\foundation\PxSharedAssert.h" />
    <ClInclude Include="include\DUOLPhysics\PhysX\foundation\PxSimpleTypes.h" />
    <ClInclude Include="include\DUOLPhysics\PhysX\foundation\PxStrideIterator.h" />
    <ClInclude Include="include\DUOLPhysics\PhysX\foundation\PxTransform.h" />
    <ClInclude Include="include\DUOLPhysics\PhysX\foundation\PxUnionCast.h" />
    <ClInclude Include="include\DUOLPhysics\PhysX\foundation\PxVec2.h" />
    <ClInclude Include="include\DUOLPhysics\PhysX\foundation\PxVec3.h" />
    <ClInclude Include="include\DUOLPhysics\PhysX\foundation\PxVec4.h" />
    <ClInclude Include="include\DUOLPhysics\PhysX\foundation\PxAllocatorCallback.h" />
    <ClInclude Include="include\DUOLPhysics\PhysicsScene.h" />
    <ClInclude Include="include\DUOLPhysics\PhysicsMaterial.h" />
    <ClInclude Include="include\DUOLPhysics\PhysicsDescriptions.h" />
    <ClInclude Include="include\DUOLPhysics\PhysicsPlane.h" />
    <ClInclude Include="include\DUOLPhysics\Actor\PhysicsActorBase.h" />
    <ClInclude Include="include\DUOLPhysics\Shapes\PhysicsShapeBase.h" />
  </ItemGroup>
  <ItemGroup>
    <ClCompile Include="src\DUOLPhysics\PhysicsSystem.cpp" />
    <ClCompile Include="src\DUOLPhysics\PhysicsScene.cpp" />
    <ClCompile Include="src\DUOLPhysics\PhysicsMaterial.cpp" />
    <ClCompile Include="src\DUOLPhysics\PhysicsPlane.cpp" />
    <ClCompile Include="src\DUOLPhysics\Actor\PhysicsActorBase.cpp" />
    <ClCompile Include="src\DUOLPhysics\Shapes\PhysicsShapeBase.cpp" />
  </ItemGroup>
</Project>