<?xml version="1.0" encoding="utf-8"?>
<Project ToolsVersion="4.0" xmlns="http://schemas.microsoft.com/developer/msbuild/2003">
  <ItemGroup>
    <Filter Include="소스 파일">
      <UniqueIdentifier>{4FC737F1-C7A5-4376-A066-2A32D752A2FF}</UniqueIdentifier>
      <Extensions>cpp;c;cc;cxx;c++;cppm;ixx;def;odl;idl;hpj;bat;asm;asmx</Extensions>
    </Filter>
    <Filter Include="헤더 파일">
      <UniqueIdentifier>{93995380-89BD-4b04-88EB-625FBE52EBFB}</UniqueIdentifier>
      <Extensions>h;hh;hpp;hxx;h++;hm;inl;inc;ipp;xsd</Extensions>
    </Filter>
    <Filter Include="리소스 파일">
      <UniqueIdentifier>{67DA6AB6-F800-4c08-8B7A-83BB121AAD01}</UniqueIdentifier>
      <Extensions>rc;ico;cur;bmp;dlg;rc2;rct;bin;rgs;gif;jpg;jpeg;jpe;resx;tiff;tif;png;wav;mfcribbon-ms</Extensions>
    </Filter>
  </ItemGroup>
  <ItemGroup>
    <ClInclude Include="framework.h">
      <Filter>헤더 파일</Filter>
    </ClInclude>
    <ClInclude Include="include\DUOLGraphicsLibrary\EntityBase.h">
      <Filter>헤더 파일</Filter>
    </ClInclude>
    <ClInclude Include="include\DUOLGraphicsLibrary\ResourceFormat.h">
      <Filter>헤더 파일</Filter>
    </ClInclude>
    <ClInclude Include="include\DUOLGraphicsLibrary\Export.h">
      <Filter>헤더 파일</Filter>
    </ClInclude>
    <ClInclude Include="include\DUOLGraphicsLibrary\EntityID.h">
      <Filter>헤더 파일</Filter>
    </ClInclude>
    <ClInclude Include="include\DUOLGraphicsLibrary\ResourceFlags.h">
      <Filter>헤더 파일</Filter>
    </ClInclude>
    <ClInclude Include="include\DUOLGraphicsLibrary\Renderer\Resource.h">
      <Filter>헤더 파일</Filter>
    </ClInclude>
    <ClInclude Include="include\DUOLGraphicsLibrary\Renderer\Buffer.h">
      <Filter>헤더 파일</Filter>
    </ClInclude>
    <ClInclude Include="include\DUOLGraphicsLibrary\Renderer\Renderer.h">
      <Filter>헤더 파일</Filter>
    </ClInclude>
    <ClInclude Include="include\DUOLGraphicsLibrary\Renderer\RenderTarget.h">
      <Filter>헤더 파일</Filter>
    </ClInclude>
    <ClInclude Include="include\DUOLGraphicsLibrary\Renderer\Sampler.h">
      <Filter>헤더 파일</Filter>
    </ClInclude>
    <ClInclude Include="include\DUOLGraphicsLibrary\Renderer\Texture.h">
      <Filter>헤더 파일</Filter>
    </ClInclude>
    <ClInclude Include="include\DUOLGraphicsLibrary\Renderer\Shader.h">
      <Filter>헤더 파일</Filter>
    </ClInclude>
    <ClInclude Include="include\DUOLGraphicsLibrary\RendererFlags.h">
      <Filter>헤더 파일</Filter>
    </ClInclude>
    <ClInclude Include="include\DUOLGraphicsLibrary\Renderer\RenderContext.h">
      <Filter>헤더 파일</Filter>
    </ClInclude>
    <ClInclude Include="include\DUOLGraphicsLibrary\BufferFlags.h">
      <Filter>헤더 파일</Filter>
    </ClInclude>
    <ClInclude Include="include\DUOLGraphicsLibrary\TextureFlags.h">
      <Filter>헤더 파일</Filter>
    </ClInclude>
    <ClInclude Include="include\DUOLGraphicsLibrary\SamplerFlags.h">
      <Filter>헤더 파일</Filter>
    </ClInclude>
    <ClInclude Include="include\DUOLGraphicsLibrary\RenderTargetFlags.h">
      <Filter>헤더 파일</Filter>
    </ClInclude>
    <ClInclude Include="include\DUOLGraphicsLibrary\ShaderFlags.h">
      <Filter>헤더 파일</Filter>
    </ClInclude>
    <ClInclude Include="include\DUOLGraphicsLibrary\Renderer\BufferArray.h">
      <Filter>헤더 파일</Filter>
    </ClInclude>
    <ClInclude Include="include\DUOLGraphicsLibrary\Renderer\CommandBuffer.h">
      <Filter>헤더 파일</Filter>
    </ClInclude>
    <ClInclude Include="include\DUOLGraphicsLibrary\PipelineStateFlags.h">
      <Filter>헤더 파일</Filter>
    </ClInclude>
    <ClInclude Include="include\DUOLGraphicsLibrary\CommandBufferFlags.h">
      <Filter>헤더 파일</Filter>
    </ClInclude>
    <ClInclude Include="include\DUOLGraphicsLibrary\Core\Helper.h">
      <Filter>헤더 파일</Filter>
    </ClInclude>
    <ClInclude Include="include\DUOLGraphicsLibrary\Core\TypeCast.h">
      <Filter>헤더 파일</Filter>
    </ClInclude>
    <ClInclude Include="src\DUOLGraphicsLibrary\Core\Module.h">
      <Filter>헤더 파일</Filter>
    </ClInclude>
    <ClInclude Include="include\DUOLGraphicsLibrary\Renderer\PipelineState.h">
      <Filter>헤더 파일</Filter>
    </ClInclude>
    <ClInclude Include="include\DUOLGraphicsLibrary\Renderer\RenderPass.h">
      <Filter>헤더 파일</Filter>
    </ClInclude>
    <ClInclude Include="include\DUOLGraphicsLibrary\RenderPassFlags.h">
      <Filter>헤더 파일</Filter>
    </ClInclude>
    <ClInclude Include="include\DUOLGraphicsLibrary\Renderer\ResourceViewLayout.h">
      <Filter>헤더 파일</Filter>
    </ClInclude>
  </ItemGroup>
  <ItemGroup>
    <ClCompile Include="dllmain.cpp">
      <Filter>소스 파일</Filter>
    </ClCompile>
    <ClCompile Include="src\DUOLGraphicsLibrary\EntityBase.cpp">
      <Filter>소스 파일</Filter>
    </ClCompile>
    <ClCompile Include="src\DUOLGraphicsLibrary\Renderer\Resource.cpp">
      <Filter>소스 파일</Filter>
    </ClCompile>
    <ClCompile Include="src\DUOLGraphicsLibrary\Renderer\Buffer.cpp">
      <Filter>소스 파일</Filter>
    </ClCompile>
    <ClCompile Include="src\DUOLGraphicsLibrary\Renderer\RenderTarget.cpp">
      <Filter>소스 파일</Filter>
    </ClCompile>
    <ClCompile Include="src\DUOLGraphicsLibrary\Renderer\Sampler.cpp">
      <Filter>소스 파일</Filter>
    </ClCompile>
    <ClCompile Include="src\DUOLGraphicsLibrary\Renderer\Texture.cpp">
      <Filter>소스 파일</Filter>
    </ClCompile>
    <ClCompile Include="src\DUOLGraphicsLibrary\Renderer\Shader.cpp">
      <Filter>소스 파일</Filter>
    </ClCompile>
    <ClCompile Include="src\DUOLGraphicsLibrary\Renderer\Renderer.cpp">
      <Filter>소스 파일</Filter>
    </ClCompile>
    <ClCompile Include="src\DUOLGraphicsLibrary\Renderer\RenderContext.cpp">
      <Filter>소스 파일</Filter>
    </ClCompile>
    <ClCompile Include="src\DUOLGraphicsLibrary\Renderer\BufferArray.cpp">
      <Filter>소스 파일</Filter>
    </ClCompile>
    <ClCompile Include="src\DUOLGraphicsLibrary\Renderer\CommandBuffer.cpp">
      <Filter>소스 파일</Filter>
    </ClCompile>
    <ClCompile Include="src\DUOLGraphicsLibrary\Core\Module.cpp">
      <Filter>소스 파일</Filter>
    </ClCompile>
    <ClCompile Include="src\DUOLGraphicsLibrary\Renderer\PipelineState.cpp">
      <Filter>소스 파일</Filter>
    </ClCompile>
    <ClCompile Include="src\DUOLGraphicsLibrary\Renderer\RenderPass.cpp">
      <Filter>소스 파일</Filter>
    </ClCompile>
    <ClCompile Include="src\DUOLGraphicsLibrary\Renderer\ResourceViewLayout.cpp">
      <Filter>소스 파일</Filter>
    </ClCompile>
  </ItemGroup>
</Project>