<?xml version="1.0" encoding="utf-8"?>
<Project ToolsVersion="4.0" xmlns="http://schemas.microsoft.com/developer/msbuild/2003">
  <ItemGroup>
    <ClCompile Include="src\DUOLCommon\Util\SpookyV2.cpp" />
    <ClCompile Include="src\DUOLCommon\Util\Hash.cpp" />
    <ClCompile Include="src\DUOLCommon\ImGui\imgui.cpp" />
    <ClCompile Include="src\DUOLCommon\ImGui\imgui_demo.cpp" />
    <ClCompile Include="src\DUOLCommon\ImGui\imgui_draw.cpp" />
    <ClCompile Include="src\DUOLCommon\ImGui\imgui_impl_dx11.cpp" />
    <ClCompile Include="src\DUOLCommon\ImGui\imgui_impl_dx12.cpp" />
    <ClCompile Include="src\DUOLCommon\ImGui\imgui_impl_win32.cpp" />
    <ClCompile Include="src\DUOLCommon\ImGui\imgui_tables.cpp" />
    <ClCompile Include="src\DUOLCommon\ImGui\imgui_widgets.cpp" />
    <ClCompile Include="src\DUOLCommon\Util\UUID.cpp" />
    <ClCompile Include="src\DUOLCommon\DeviceHelper.cpp" />
    <ClCompile Include="src\DUOLCommon\Log\LogHelper.cpp" />
  </ItemGroup>
  <ItemGroup>
    <ClInclude Include="include\DUOLCommon\Log\DUOLSink-ini.h" />
    <ClInclude Include="include\DUOLCommon\Log\DUOLSink.h" />
    <ClInclude Include="include\DUOLCommon\MetaDataType.h" />
    <ClInclude Include="include\DUOLCommon\SingletonBase_Unique.h" />
    <ClInclude Include="include\DUOLCommon\Util\Hash.h" />
    <ClInclude Include="include\DUOLCommon\DeviceHelper.h" />
    <ClInclude Include="include\DUOLCommon\Event\Event.h" />
    <ClInclude Include="include\DUOLCommon\ImGui\imconfig.h" />
    <ClInclude Include="include\DUOLCommon\ImGui\imgui.h" />
    <ClInclude Include="include\DUOLCommon\ImGui\imgui_impl_dx11.h" />
    <ClInclude Include="include\DUOLCommon\ImGui\imgui_impl_dx12.h" />
    <ClInclude Include="include\DUOLCommon\ImGui\imgui_impl_win32.h" />
    <ClInclude Include="include\DUOLCommon\ImGui\imgui_internal.h" />
    <ClInclude Include="include\DUOLCommon\ImGui\imstb_rectpack.h" />
    <ClInclude Include="include\DUOLCommon\ImGui\imstb_textedit.h" />
    <ClInclude Include="include\DUOLCommon\ImGui\imstb_truetype.h" />
    <ClInclude Include="include\DUOLCommon\StringHelper.h" />
    <ClInclude Include="include\DUOLCommon\Log\LogHelper.h" />
    <ClInclude Include="include\DUOLCommon\Util\SpookyV2.h" />
    <ClInclude Include="include\DUOLCommon\Util\UUID.h" />
  </ItemGroup>
  <ItemGroup>
    <None Include="include\DUOLCommon\Event\Event.inl" />
  </ItemGroup>
</Project>