<?xml version="1.0" encoding="utf-8"?>
<Project ToolsVersion="4.0" xmlns="http://schemas.microsoft.com/developer/msbuild/2003">
  <ItemGroup>
    <Filter Include="Shader">
      <UniqueIdentifier>{cd0bd6b4-636b-4dee-b0e5-394ecd1624fe}</UniqueIdentifier>
    </Filter>
    <Filter Include="Shader\HLSL">
      <UniqueIdentifier>{884f88dd-8528-4807-8f01-0b4990271c61}</UniqueIdentifier>
    </Filter>
    <Filter Include="Header">
      <UniqueIdentifier>{93995380-89BD-4b04-88EB-625FBE52EBFB}</UniqueIdentifier>
      <Extensions>h;hh;hpp;hxx;h++;hm;inl;inc;ipp;xsd</Extensions>
    </Filter>
    <Filter Include="Header\utill">
      <UniqueIdentifier>{f0989ae2-b95d-4b1b-bdfd-f0d82000ce18}</UniqueIdentifier>
    </Filter>
    <Filter Include="Source">
      <UniqueIdentifier>{4FC737F1-C7A5-4376-A066-2A32D752A2FF}</UniqueIdentifier>
      <Extensions>cpp;c;cc;cxx;c++;cppm;ixx;def;odl;idl;hpj;bat;asm;asmx</Extensions>
    </Filter>
  </ItemGroup>
  <ItemGroup>
    <ClInclude Include="include\Core\Pass\BasicParticlePass.h">
      <Filter>Header</Filter>
    </ClInclude>
    <ClInclude Include="include\Core\Pass\BasicPass.h">
      <Filter>Header</Filter>
    </ClInclude>
    <ClInclude Include="include\Core\DirectX11\BlendState.h">
      <Filter>Header</Filter>
    </ClInclude>
    <ClInclude Include="include\Core\DirectX11\d3dx11effect.h">
      <Filter>Header</Filter>
    </ClInclude>
    <ClInclude Include="include\Core\Pass\DeferredRenderPass.h">
      <Filter>Header</Filter>
    </ClInclude>
    <ClInclude Include="include\Core\DirectX11\Depth.h">
      <Filter>Header</Filter>
    </ClInclude>
    <ClInclude Include="include\Core\DirectX11\DepthStencil.h">
      <Filter>Header</Filter>
    </ClInclude>
    <ClInclude Include="include\Core\DirectX11\Device.h">
      <Filter>Header</Filter>
    </ClInclude>
    <ClInclude Include="include\Core\DirectX11\DXEngine.h">
      <Filter>Header</Filter>
    </ClInclude>
    <ClInclude Include="include\Core\Resource\Factory.h">
      <Filter>Header</Filter>
    </ClInclude>
    <ClInclude Include="include\Core\DirectX11\geometrygenerator.h">
      <Filter>Header</Filter>
    </ClInclude>
    <ClInclude Include="include\Export\IGraphicsEngine.h">
      <Filter>Header</Filter>
    </ClInclude>
    <ClInclude Include="include\Core\Resource\ParticleMesh.h">
      <Filter>Header</Filter>
    </ClInclude>
    <ClInclude Include="include\Core\Pass\PassBase.h">
      <Filter>Header</Filter>
    </ClInclude>
    <ClInclude Include="include\Core\Pass\PostProcessingPass.h">
      <Filter>Header</Filter>
    </ClInclude>
    <ClInclude Include="include\Core\DirectX11\RasterizerState.h">
      <Filter>Header</Filter>
    </ClInclude>
    <ClInclude Include="include\Core\DirectX11\Renderer.h">
      <Filter>Header</Filter>
    </ClInclude>
    <ClInclude Include="include\Export\RenderingData.h">
      <Filter>Header</Filter>
    </ClInclude>
    <ClInclude Include="include\Core\DirectX11\RenderTarget.h">
      <Filter>Header</Filter>
    </ClInclude>
    <ClInclude Include="include\Core\DirectX11\RenderTexture.h">
      <Filter>Header</Filter>
    </ClInclude>
    <ClInclude Include="include\Core\Resource\ResourceManager.h">
      <Filter>Header</Filter>
    </ClInclude>
    <ClInclude Include="include\Core\DirectX11\SamplerState.h">
      <Filter>Header</Filter>
    </ClInclude>
    <ClInclude Include="include\Core\Pass\TextureRenderPass.h">
      <Filter>Header</Filter>
    </ClInclude>
    <ClInclude Include="include\util\STLInclude.h">
      <Filter>Header</Filter>
    </ClInclude>
    <ClInclude Include="include\Core\Resource\VBIBMesh.h">
      <Filter>Header</Filter>
    </ClInclude>
    <ClInclude Include="include\util\VertexDesc.h">
      <Filter>Header</Filter>
    </ClInclude>
    <ClInclude Include="include\Core\Pass\WirePass.h">
      <Filter>Header</Filter>
    </ClInclude>
    <ClInclude Include="include\Export\dllExport.h">
      <Filter>Header</Filter>
    </ClInclude>
    <ClInclude Include="include\util\TypeDefine.h">
      <Filter>Header</Filter>
    </ClInclude>
    <ClInclude Include="include\Core\DirectX11\ObjectIDTexture.h">
      <Filter>Header</Filter>
    </ClInclude>
    <ClInclude Include="include\Core\Pass\OnlyObjectIDPass.h">
      <Filter>Header</Filter>
    </ClInclude>
    <ClInclude Include="include\Core\Pass\BasicParticleObjectIDPass.h">
      <Filter>Header</Filter>
    </ClInclude>
    <ClInclude Include="include\Core\Pass\NoLit_OrthoGraphicsPass.h">
      <Filter>Header</Filter>
    </ClInclude>
  </ItemGroup>
  <ItemGroup>
    <ClCompile Include="src\Core\Pass\BasicParticlePass.cpp">
      <Filter>Source</Filter>
    </ClCompile>
    <ClCompile Include="src\Core\Pass\BasicPass.cpp">
      <Filter>Source</Filter>
    </ClCompile>
    <ClCompile Include="src\Core\DirectX11\BlendState.cpp">
      <Filter>Source</Filter>
    </ClCompile>
    <ClCompile Include="src\Core\Pass\DeferredRenderPass.cpp">
      <Filter>Source</Filter>
    </ClCompile>
    <ClCompile Include="src\Core\DirectX11\Depth.cpp">
      <Filter>Source</Filter>
    </ClCompile>
    <ClCompile Include="src\Core\DirectX11\DepthStencil.cpp">
      <Filter>Source</Filter>
    </ClCompile>
    <ClCompile Include="src\Core\DirectX11\Device.cpp">
      <Filter>Source</Filter>
    </ClCompile>
    <ClCompile Include="src\dllmain.cpp">
      <Filter>Source</Filter>
    </ClCompile>
    <ClCompile Include="src\Core\DirectX11\DXEngine.cpp">
      <Filter>Source</Filter>
    </ClCompile>
    <ClCompile Include="src\Core\Resource\Factory.cpp">
      <Filter>Source</Filter>
    </ClCompile>
    <ClCompile Include="src\Core\DirectX11\GeometryGenerator.cpp">
      <Filter>Source</Filter>
    </ClCompile>
    <ClCompile Include="src\Core\Resource\GizmoMesh.cpp">
      <Filter>Source</Filter>
    </ClCompile>
    <ClCompile Include="src\Export\IGraphicsEngine.cpp">
      <Filter>Source</Filter>
    </ClCompile>
    <ClCompile Include="src\Core\Resource\ParticleMesh.cpp">
      <Filter>Source</Filter>
    </ClCompile>
    <ClCompile Include="src\Core\Pass\PassBase.cpp">
      <Filter>Source</Filter>
    </ClCompile>
    <ClCompile Include="src\Core\Pass\PostProcessingPass.cpp">
      <Filter>Source</Filter>
    </ClCompile>
    <ClCompile Include="src\Core\DirectX11\RasterizerState.cpp">
      <Filter>Source</Filter>
    </ClCompile>
    <ClCompile Include="src\Core\DirectX11\Renderer.cpp">
      <Filter>Source</Filter>
    </ClCompile>
    <ClCompile Include="src\Core\DirectX11\RenderTarget.cpp">
      <Filter>Source</Filter>
    </ClCompile>
    <ClCompile Include="src\Core\DirectX11\RenderTexture.cpp">
      <Filter>Source</Filter>
    </ClCompile>
    <ClCompile Include="src\Core\Resource\ResourceManager.cpp">
      <Filter>Source</Filter>
    </ClCompile>
    <ClCompile Include="src\Core\DirectX11\SamplerState.cpp">
      <Filter>Source</Filter>
    </ClCompile>
    <ClCompile Include="src\Core\Pass\TextureRenderPass.cpp">
      <Filter>Source</Filter>
    </ClCompile>
    <ClCompile Include="src\Core\Resource\VBIBMesh.cpp">
      <Filter>Source</Filter>
    </ClCompile>
    <ClCompile Include="src\Core\Pass\WirePass.cpp">
      <Filter>Source</Filter>
    </ClCompile>
    <ClCompile Include="src\Core\DirectX11\ObjectIDTexture.cpp">
      <Filter>Source</Filter>
    </ClCompile>
    <ClCompile Include="src\Core\Pass\OnlyObjectIDPass.cpp">
      <Filter>Source</Filter>
    </ClCompile>
    <ClCompile Include="src\Core\Pass\BasicParticleObjectIDPass.cpp">
      <Filter>Source</Filter>
    </ClCompile>
    <ClCompile Include="src\Core\Pass\NoLit_OrthoGraphicsPass.cpp">
      <Filter>Source</Filter>
    </ClCompile>
  </ItemGroup>
  <ItemGroup>
    <FxCompile Include="..\..\Build\x64\Debug\Asset\Particle\Shader\BaiscLight_VS.hlsl" />
    <FxCompile Include="..\..\Build\x64\Debug\Asset\Particle\Shader\BasicLight_PS.hlsl" />
    <FxCompile Include="..\..\Build\x64\Debug\Asset\Particle\Shader\BasicParticle_GS.hlsl" />
    <FxCompile Include="..\..\Build\x64\Debug\Asset\Particle\Shader\BasicParticle_PS.hlsl" />
    <FxCompile Include="..\..\Build\x64\Debug\Asset\Particle\Shader\BasicParticle_VS.hlsl" />
    <FxCompile Include="..\..\Build\x64\Debug\Asset\Particle\Shader\Wire_PS.hlsl" />
    <FxCompile Include="..\..\Build\x64\Debug\Asset\Particle\Shader\Wire_VS.hlsl" />
  </ItemGroup>
  <ItemGroup>
    <None Include="..\..\Build\x64\Debug\Asset\Particle\Shader\ConstantBuffer.hlsli" />
    <None Include="..\..\Build\x64\Debug\Asset\Particle\Shader\DeferredRendering.hlsli" />
    <None Include="..\..\Build\x64\Debug\Asset\Particle\Shader\LightHelper.hlsli" />
    <None Include="..\..\Build\x64\Debug\Asset\Particle\Shader\ParticleHelper.hlsli" />
  </ItemGroup>
</Project>